{
  "version": 4,
  "terraform_version": "0.14.5",
  "serial": 71,
  "lineage": "fe7b64d1-5289-85d7-c1d0-40687cef9787",
  "outputs": {},
  "resources": [
    {
      "module": "module.temzy_eks_dev",
      "mode": "data",
      "type": "aws_eks_cluster",
      "name": "eks",
      "provider": "provider[\"registry.terraform.io/hashicorp/aws\"]",
      "instances": [
        {
          "schema_version": 0,
          "attributes": {
            "arn": "arn:aws:eks:us-east-1:454617234462:cluster/us-east-1-temzy-cluster-dev",
            "certificate_authority": [
              {
                "data": "LS0tLS1CRUdJTiBDRVJUSUZJQ0FURS0tLS0tCk1JSUMvakNDQWVhZ0F3SUJBZ0lCQURBTkJna3Foa2lHOXcwQkFRc0ZBREFWTVJNd0VRWURWUVFERXdwcmRXSmwKY201bGRHVnpNQjRYRFRJek1EVXdPVEl3TlRReE1sb1hEVE16TURVd05qSXdOVFF4TWxvd0ZURVRNQkVHQTFVRQpBeE1LYTNWaVpYSnVaWFJsY3pDQ0FTSXdEUVlKS29aSWh2Y05BUUVCQlFBRGdnRVBBRENDQVFvQ2dnRUJBS3lsCkViMmlkcERKVjN5UzlpOUdRSGpVeGVEbUFyL0gwZ3Q0NHBOWTRjckFtR2JKQ0xiNVhFM25BTXRCeWh4SUlKSTAKN1ZvakdhV1ZWSHExQ1ZYekl6TXpQM3o2cUExWFFUMDZkcTRsakJtN3duVDJvSjhoQkE2QzBtbHdzNmlRVlJaSgpKNmtyNTlYMFZKOTFWam1WQ2YwUjZOdkdPT1RLL3pzS01oSTZWazc3VGU1ZUliOFo5d3pzY3BnRUFZUjdrTVA5CkZCNk9GZVhtSmxSZzRYbW96bnduWWF0ZHNkRU5CYjlnYTc5azVFY2YzaTVveHkzZk05OFIrOU04UC9BZHhMWlQKdldmOFpRbWlxK05NUTZpWG85T0krVHlHY3A3V05CaDE2WlZKZjRPdk4wUWs2MjJJaVp0MGJ4bjhWeCtOL0hrMwoyT3p2cGZkWHBaUUxkMExKbURFQ0F3RUFBYU5aTUZjd0RnWURWUjBQQVFIL0JBUURBZ0trTUE4R0ExVWRFd0VCCi93UUZNQU1CQWY4d0hRWURWUjBPQkJZRUZLQ1FLa2srTGUrclh4Z2NmTjFmQ1JveFpSZlZNQlVHQTFVZEVRUU8KTUF5Q0NtdDFZbVZ5Ym1WMFpYTXdEUVlKS29aSWh2Y05BUUVMQlFBRGdnRUJBQWZoQ21DTkUwd2JGendPUVIvagpkSGtlSGN3SUZsQS9LWllXTEhVcWcrQ3RRaFhVSUszWllxdTJBclN4UDlYRmlQWmlESUpiQndDMVYzZXBLRERaCjVWZGNscVhzMG5taWx2aG9oUnBET0ptcHRjT1JPU0pJQkRRdlgzWnJtVURlUHdzbmVHQlluQlV0cER5ZnZYTmcKbFdLMWlqWURzMWNhcjVzT0h6enQ2K2xFTHpyNFZMQWFBRGQyeHMxa1g2NDk2eUwvZ3dlMy8wNWdqWnE2ZDFmUApZTnBGMFozeFZSclZ0LzMveDI4OSt3bTBtMGJENldqeUFnVVkwdUd6K3VEUTNycXIyelF1NjNYaVJQUEZacGFLClBXK1VjQ3Q0KzEwWC85akQzYTVBVU1ERnRaVjU3eWFiR1liaUtCS1l2VEMrVVRiZjRyckVDdkNJU0NJa0hpcnQKaXRBPQotLS0tLUVORCBDRVJUSUZJQ0FURS0tLS0tCg=="
              }
            ],
            "cluster_id": null,
            "created_at": "2023-05-09 20:48:42.943 +0000 UTC",
            "enabled_cluster_log_types": [],
            "endpoint": "https://6F0BAC85C9F0B1BF40ED1F0E67769AF9.gr7.us-east-1.eks.amazonaws.com",
            "id": "us-east-1-temzy-cluster-dev",
            "identity": [
              {
                "oidc": [
                  {
                    "issuer": "https://oidc.eks.us-east-1.amazonaws.com/id/6F0BAC85C9F0B1BF40ED1F0E67769AF9"
                  }
                ]
              }
            ],
            "kubernetes_network_config": [
              {
                "ip_family": "ipv4",
                "service_ipv4_cidr": "10.100.0.0/16",
                "service_ipv6_cidr": ""
              }
            ],
            "name": "us-east-1-temzy-cluster-dev",
            "outpost_config": [],
            "platform_version": "eks.8",
            "role_arn": "arn:aws:iam::454617234462:role/us-east-1-temzy-cluster-dev20230509204816003300000005",
            "status": "ACTIVE",
            "tags": {},
            "version": "1.23",
            "vpc_config": [
              {
                "cluster_security_group_id": "sg-0426705b3b4c1f188",
                "endpoint_private_access": false,
                "endpoint_public_access": true,
                "public_access_cidrs": [
                  "0.0.0.0/0"
                ],
                "security_group_ids": [
                  "sg-0d38f729a53ec0892"
                ],
                "subnet_ids": [
                  "subnet-03f73661c2a25e945",
                  "subnet-0a2c61b271cd3b556"
                ],
                "vpc_id": "vpc-036a62ac5b6714c9f"
              }
            ]
          },
          "sensitive_attributes": []
        }
      ]
    },
    {
      "module": "module.temzy_eks_dev",
      "mode": "data",
      "type": "aws_eks_cluster_auth",
      "name": "eks",
      "provider": "provider[\"registry.terraform.io/hashicorp/aws\"]",
      "instances": [
        {
          "schema_version": 0,
          "attributes": {
            "id": "us-east-1-temzy-cluster-dev",
            "name": "us-east-1-temzy-cluster-dev",
            "token": "k8s-aws-v1.aHR0cHM6Ly9zdHMuYW1hem9uYXdzLmNvbS8_QWN0aW9uPUdldENhbGxlcklkZW50aXR5JlZlcnNpb249MjAxMS0wNi0xNSZYLUFtei1BbGdvcml0aG09QVdTNC1ITUFDLVNIQTI1NiZYLUFtei1DcmVkZW50aWFsPUFLSUFXVFdLTVBRUEg1UEFLNzRVJTJGMjAyMzA1MDklMkZ1cy1lYXN0LTElMkZzdHMlMkZhd3M0X3JlcXVlc3QmWC1BbXotRGF0ZT0yMDIzMDUwOVQyMTAzMDFaJlgtQW16LUV4cGlyZXM9MCZYLUFtei1TaWduZWRIZWFkZXJzPWhvc3QlM0J4LWs4cy1hd3MtaWQmWC1BbXotU2lnbmF0dXJlPWI2ZmI3NDMwMmUwOWE5YjhjNGFjYjUwZGVlNGNhZDU4YWFiYjlhN2IxZmNhNDdiMmM5NTNjMzQxNDViZDU3Y2U"
          },
          "sensitive_attributes": []
        }
      ]
    },
    {
      "module": "module.temzy_eks_dev",
      "mode": "data",
      "type": "aws_iam_policy_document",
      "name": "worker_autoscaling",
      "provider": "provider[\"registry.terraform.io/hashicorp/aws\"]",
      "instances": [
        {
          "schema_version": 0,
          "attributes": {
            "id": "2963510805",
            "json": "{\n  \"Version\": \"2012-10-17\",\n  \"Statement\": [\n    {\n      \"Sid\": \"eksWorkerAutoscalingAll\",\n      \"Effect\": \"Allow\",\n      \"Action\": [\n        \"ec2:DescribeLaunchTemplateVersions\",\n        \"autoscaling:DescribeTags\",\n        \"autoscaling:DescribeLaunchConfigurations\",\n        \"autoscaling:DescribeAutoScalingInstances\",\n        \"autoscaling:DescribeAutoScalingGroups\"\n      ],\n      \"Resource\": \"*\"\n    },\n    {\n      \"Sid\": \"eksWorkerAutoscalingOwn\",\n      \"Effect\": \"Allow\",\n      \"Action\": [\n        \"autoscaling:UpdateAutoScalingGroup\",\n        \"autoscaling:TerminateInstanceInAutoScalingGroup\",\n        \"autoscaling:SetDesiredCapacity\"\n      ],\n      \"Resource\": \"*\",\n      \"Condition\": {\n        \"StringEquals\": {\n          \"autoscaling:ResourceTag/k8s.io/cluster-autoscaler/enabled\": \"true\",\n          \"autoscaling:ResourceTag/kubernetes.io/cluster/us-east-1-temzy-cluster-dev\": \"owned\"\n        }\n      }\n    }\n  ]\n}",
            "override_json": null,
            "override_policy_documents": null,
            "policy_id": null,
            "source_json": null,
            "source_policy_documents": null,
            "statement": [
              {
                "actions": [
                  "autoscaling:DescribeAutoScalingGroups",
                  "autoscaling:DescribeAutoScalingInstances",
                  "autoscaling:DescribeLaunchConfigurations",
                  "autoscaling:DescribeTags",
                  "ec2:DescribeLaunchTemplateVersions"
                ],
                "condition": [],
                "effect": "Allow",
                "not_actions": [],
                "not_principals": [],
                "not_resources": [],
                "principals": [],
                "resources": [
                  "*"
                ],
                "sid": "eksWorkerAutoscalingAll"
              },
              {
                "actions": [
                  "autoscaling:SetDesiredCapacity",
                  "autoscaling:TerminateInstanceInAutoScalingGroup",
                  "autoscaling:UpdateAutoScalingGroup"
                ],
                "condition": [
                  {
                    "test": "StringEquals",
                    "values": [
                      "owned"
                    ],
                    "variable": "autoscaling:ResourceTag/kubernetes.io/cluster/us-east-1-temzy-cluster-dev"
                  },
                  {
                    "test": "StringEquals",
                    "values": [
                      "true"
                    ],
                    "variable": "autoscaling:ResourceTag/k8s.io/cluster-autoscaler/enabled"
                  }
                ],
                "effect": "Allow",
                "not_actions": [],
                "not_principals": [],
                "not_resources": [],
                "principals": [],
                "resources": [
                  "*"
                ],
                "sid": "eksWorkerAutoscalingOwn"
              }
            ],
            "version": "2012-10-17"
          },
          "sensitive_attributes": []
        }
      ]
    },
    {
      "module": "module.temzy_eks_dev",
      "mode": "managed",
      "type": "aws_eks_addon",
      "name": "kube-proxy",
      "provider": "provider[\"registry.terraform.io/hashicorp/aws\"]",
      "instances": [
        {
          "schema_version": 0,
          "attributes": {
            "addon_name": "kube-proxy",
            "addon_version": "v1.23.7-eksbuild.1",
            "arn": "arn:aws:eks:us-east-1:454617234462:addon/us-east-1-temzy-cluster-dev/kube-proxy/74c40129-c2aa-29ae-5132-3665bb5b18f6",
            "cluster_name": "us-east-1-temzy-cluster-dev",
            "configuration_values": "",
            "created_at": "2023-05-09T21:03:28Z",
            "id": "us-east-1-temzy-cluster-dev:kube-proxy",
            "modified_at": "2023-05-09T21:03:31Z",
            "preserve": null,
            "resolve_conflicts": "OVERWRITE",
            "service_account_role_arn": "",
            "tags": null,
            "tags_all": {},
            "timeouts": null
          },
          "sensitive_attributes": [],
          "private": "eyJlMmJmYjczMC1lY2FhLTExZTYtOGY4OC0zNDM2M2JjN2M0YzAiOnsiY3JlYXRlIjoxMjAwMDAwMDAwMDAwLCJkZWxldGUiOjI0MDAwMDAwMDAwMDAsInVwZGF0ZSI6MTIwMDAwMDAwMDAwMH19"
        }
      ]
    },
    {
      "module": "module.temzy_eks_dev",
      "mode": "managed",
      "type": "aws_eks_addon",
      "name": "vpc-cni",
      "provider": "provider[\"registry.terraform.io/hashicorp/aws\"]",
      "instances": [
        {
          "schema_version": 0,
          "attributes": {
            "addon_name": "vpc-cni",
            "addon_version": "v1.10.4-eksbuild.1",
            "arn": "arn:aws:eks:us-east-1:454617234462:addon/us-east-1-temzy-cluster-dev/vpc-cni/66c40129-c2a8-b02b-d171-2f9036c19351",
            "cluster_name": "us-east-1-temzy-cluster-dev",
            "configuration_values": "",
            "created_at": "2023-05-09T21:03:28Z",
            "id": "us-east-1-temzy-cluster-dev:vpc-cni",
            "modified_at": "2023-05-09T21:04:01Z",
            "preserve": null,
            "resolve_conflicts": "OVERWRITE",
            "service_account_role_arn": "",
            "tags": null,
            "tags_all": {},
            "timeouts": null
          },
          "sensitive_attributes": [],
          "private": "eyJlMmJmYjczMC1lY2FhLTExZTYtOGY4OC0zNDM2M2JjN2M0YzAiOnsiY3JlYXRlIjoxMjAwMDAwMDAwMDAwLCJkZWxldGUiOjI0MDAwMDAwMDAwMDAsInVwZGF0ZSI6MTIwMDAwMDAwMDAwMH19"
        }
      ]
    },
    {
      "module": "module.temzy_eks_dev",
      "mode": "managed",
      "type": "aws_iam_policy",
      "name": "worker_autoscaling",
      "provider": "provider[\"registry.terraform.io/hashicorp/aws\"]",
      "instances": [
        {
          "schema_version": 0,
          "attributes": {
            "arn": "arn:aws:iam::454617234462:policy/eks-worker-autoscaling-us-east-1-temzy-cluster-dev2023050920575237590000000c",
            "description": "EKS worker node autoscaling policy for cluster us-east-1-temzy-cluster-dev (dev) (managed by Terraform)",
            "id": "arn:aws:iam::454617234462:policy/eks-worker-autoscaling-us-east-1-temzy-cluster-dev2023050920575237590000000c",
            "name": "eks-worker-autoscaling-us-east-1-temzy-cluster-dev2023050920575237590000000c",
            "name_prefix": "eks-worker-autoscaling-us-east-1-temzy-cluster-dev",
            "path": "/",
            "policy": "{\"Statement\":[{\"Action\":[\"ec2:DescribeLaunchTemplateVersions\",\"autoscaling:DescribeTags\",\"autoscaling:DescribeLaunchConfigurations\",\"autoscaling:DescribeAutoScalingInstances\",\"autoscaling:DescribeAutoScalingGroups\"],\"Effect\":\"Allow\",\"Resource\":\"*\",\"Sid\":\"eksWorkerAutoscalingAll\"},{\"Action\":[\"autoscaling:UpdateAutoScalingGroup\",\"autoscaling:TerminateInstanceInAutoScalingGroup\",\"autoscaling:SetDesiredCapacity\"],\"Condition\":{\"StringEquals\":{\"autoscaling:ResourceTag/k8s.io/cluster-autoscaler/enabled\":\"true\",\"autoscaling:ResourceTag/kubernetes.io/cluster/us-east-1-temzy-cluster-dev\":\"owned\"}},\"Effect\":\"Allow\",\"Resource\":\"*\",\"Sid\":\"eksWorkerAutoscalingOwn\"}],\"Version\":\"2012-10-17\"}",
            "policy_id": "ANPAWTWKMPQPMATAEIOGN",
            "tags": {},
            "tags_all": {}
          },
          "sensitive_attributes": [],
          "private": "bnVsbA==",
          "dependencies": [
            "module.temzy_eks_dev.data.aws_iam_policy_document.worker_autoscaling",
            "module.temzy_eks_dev.module.eks.aws_cloudwatch_log_group.this",
            "module.temzy_eks_dev.module.eks.aws_eks_cluster.this",
            "module.temzy_eks_dev.module.eks.aws_iam_role.cluster",
            "module.temzy_eks_dev.module.eks.aws_iam_role_policy_attachment.cluster_AmazonEKSClusterPolicy",
            "module.temzy_eks_dev.module.eks.aws_iam_role_policy_attachment.cluster_AmazonEKSServicePolicy",
            "module.temzy_eks_dev.module.eks.aws_iam_role_policy_attachment.cluster_AmazonEKSVPCResourceControllerPolicy",
            "module.temzy_eks_dev.module.eks.aws_security_group.cluster",
            "module.temzy_eks_dev.module.eks.aws_security_group.workers",
            "module.temzy_eks_dev.module.eks.aws_security_group_rule.cluster_egress_internet",
            "module.temzy_eks_dev.module.eks.aws_security_group_rule.cluster_https_worker_ingress",
            "module.temzy_eks_dev.module.eks.aws_security_group_rule.cluster_private_access_cidrs_source",
            "module.temzy_eks_dev.module.eks.aws_security_group_rule.cluster_private_access_sg_source",
            "module.temzy_eks_dev.module.eks.data.aws_iam_policy_document.cluster_assume_role_policy",
            "module.temzy_eks_dev.module.eks.data.aws_iam_role.custom_cluster_iam_role",
            "module.temzy_eks_dev.module.eks.data.aws_partition.current",
            "module.temzy_eks_dev.module.eks.data.http.wait_for_cluster"
          ]
        }
      ]
    },
    {
      "module": "module.temzy_eks_dev",
      "mode": "managed",
      "type": "aws_iam_role_policy_attachment",
      "name": "workers_autoscaling",
      "provider": "provider[\"registry.terraform.io/hashicorp/aws\"]",
      "instances": [
        {
          "schema_version": 0,
          "attributes": {
            "id": "us-east-1-temzy-cluster-dev2023050920575175480000000b-20230509205753544800000010",
            "policy_arn": "arn:aws:iam::454617234462:policy/eks-worker-autoscaling-us-east-1-temzy-cluster-dev2023050920575237590000000c",
            "role": "us-east-1-temzy-cluster-dev2023050920575175480000000b"
          },
          "sensitive_attributes": [],
          "private": "bnVsbA==",
          "dependencies": [
            "module.temzy_eks_dev.aws_iam_policy.worker_autoscaling",
            "module.temzy_eks_dev.data.aws_iam_policy_document.worker_autoscaling",
            "module.temzy_eks_dev.module.eks.aws_cloudwatch_log_group.this",
            "module.temzy_eks_dev.module.eks.aws_eks_cluster.this",
            "module.temzy_eks_dev.module.eks.aws_iam_role.cluster",
            "module.temzy_eks_dev.module.eks.aws_iam_role.workers",
            "module.temzy_eks_dev.module.eks.aws_iam_role_policy_attachment.cluster_AmazonEKSClusterPolicy",
            "module.temzy_eks_dev.module.eks.aws_iam_role_policy_attachment.cluster_AmazonEKSServicePolicy",
            "module.temzy_eks_dev.module.eks.aws_iam_role_policy_attachment.cluster_AmazonEKSVPCResourceControllerPolicy",
            "module.temzy_eks_dev.module.eks.aws_security_group.cluster",
            "module.temzy_eks_dev.module.eks.aws_security_group.workers",
            "module.temzy_eks_dev.module.eks.aws_security_group_rule.cluster_egress_internet",
            "module.temzy_eks_dev.module.eks.aws_security_group_rule.cluster_https_worker_ingress",
            "module.temzy_eks_dev.module.eks.aws_security_group_rule.cluster_private_access_cidrs_source",
            "module.temzy_eks_dev.module.eks.aws_security_group_rule.cluster_private_access_sg_source",
            "module.temzy_eks_dev.module.eks.data.aws_ami.eks_worker",
            "module.temzy_eks_dev.module.eks.data.aws_ami.eks_worker_windows",
            "module.temzy_eks_dev.module.eks.data.aws_iam_instance_profile.custom_worker_group_iam_instance_profile",
            "module.temzy_eks_dev.module.eks.data.aws_iam_instance_profile.custom_worker_group_launch_template_iam_instance_profile",
            "module.temzy_eks_dev.module.eks.data.aws_iam_policy_document.cluster_assume_role_policy",
            "module.temzy_eks_dev.module.eks.data.aws_iam_policy_document.workers_assume_role_policy",
            "module.temzy_eks_dev.module.eks.data.aws_iam_role.custom_cluster_iam_role",
            "module.temzy_eks_dev.module.eks.data.aws_partition.current",
            "module.temzy_eks_dev.module.eks.data.http.wait_for_cluster"
          ]
        }
      ]
    },
    {
      "module": "module.temzy_eks_dev.module.eks",
      "mode": "data",
      "type": "aws_caller_identity",
      "name": "current",
      "provider": "provider[\"registry.terraform.io/hashicorp/aws\"]",
      "instances": [
        {
          "schema_version": 0,
          "attributes": {
            "account_id": "454617234462",
            "arn": "arn:aws:iam::454617234462:user/terraform_user",
            "id": "454617234462",
            "user_id": "AIDAWTWKMPQPD6HO7DMH2"
          },
          "sensitive_attributes": []
        }
      ]
    },
    {
      "module": "module.temzy_eks_dev.module.eks",
      "mode": "data",
      "type": "aws_iam_policy_document",
      "name": "cluster_assume_role_policy",
      "provider": "provider[\"registry.terraform.io/hashicorp/aws\"]",
      "instances": [
        {
          "schema_version": 0,
          "attributes": {
            "id": "2764486067",
            "json": "{\n  \"Version\": \"2012-10-17\",\n  \"Statement\": [\n    {\n      \"Sid\": \"EKSClusterAssumeRole\",\n      \"Effect\": \"Allow\",\n      \"Action\": \"sts:AssumeRole\",\n      \"Principal\": {\n        \"Service\": \"eks.amazonaws.com\"\n      }\n    }\n  ]\n}",
            "override_json": null,
            "override_policy_documents": null,
            "policy_id": null,
            "source_json": null,
            "source_policy_documents": null,
            "statement": [
              {
                "actions": [
                  "sts:AssumeRole"
                ],
                "condition": [],
                "effect": "Allow",
                "not_actions": [],
                "not_principals": [],
                "not_resources": [],
                "principals": [
                  {
                    "identifiers": [
                      "eks.amazonaws.com"
                    ],
                    "type": "Service"
                  }
                ],
                "resources": [],
                "sid": "EKSClusterAssumeRole"
              }
            ],
            "version": "2012-10-17"
          },
          "sensitive_attributes": []
        }
      ]
    },
    {
      "module": "module.temzy_eks_dev.module.eks",
      "mode": "data",
      "type": "aws_iam_policy_document",
      "name": "cluster_elb_sl_role_creation",
      "provider": "provider[\"registry.terraform.io/hashicorp/aws\"]",
      "instances": [
        {
          "index_key": 0,
          "schema_version": 0,
          "attributes": {
            "id": "3709839417",
            "json": "{\n  \"Version\": \"2012-10-17\",\n  \"Statement\": [\n    {\n      \"Sid\": \"\",\n      \"Effect\": \"Allow\",\n      \"Action\": [\n        \"ec2:DescribeInternetGateways\",\n        \"ec2:DescribeAddresses\",\n        \"ec2:DescribeAccountAttributes\"\n      ],\n      \"Resource\": \"*\"\n    }\n  ]\n}",
            "override_json": null,
            "override_policy_documents": null,
            "policy_id": null,
            "source_json": null,
            "source_policy_documents": null,
            "statement": [
              {
                "actions": [
                  "ec2:DescribeAccountAttributes",
                  "ec2:DescribeAddresses",
                  "ec2:DescribeInternetGateways"
                ],
                "condition": [],
                "effect": "Allow",
                "not_actions": [],
                "not_principals": [],
                "not_resources": [],
                "principals": [],
                "resources": [
                  "*"
                ],
                "sid": ""
              }
            ],
            "version": "2012-10-17"
          },
          "sensitive_attributes": []
        }
      ]
    },
    {
      "module": "module.temzy_eks_dev.module.eks",
      "mode": "data",
      "type": "aws_iam_policy_document",
      "name": "workers_assume_role_policy",
      "provider": "provider[\"registry.terraform.io/hashicorp/aws\"]",
      "instances": [
        {
          "schema_version": 0,
          "attributes": {
            "id": "3778018924",
            "json": "{\n  \"Version\": \"2012-10-17\",\n  \"Statement\": [\n    {\n      \"Sid\": \"EKSWorkerAssumeRole\",\n      \"Effect\": \"Allow\",\n      \"Action\": \"sts:AssumeRole\",\n      \"Principal\": {\n        \"Service\": \"ec2.amazonaws.com\"\n      }\n    }\n  ]\n}",
            "override_json": null,
            "override_policy_documents": null,
            "policy_id": null,
            "source_json": null,
            "source_policy_documents": null,
            "statement": [
              {
                "actions": [
                  "sts:AssumeRole"
                ],
                "condition": [],
                "effect": "Allow",
                "not_actions": [],
                "not_principals": [],
                "not_resources": [],
                "principals": [
                  {
                    "identifiers": [
                      "ec2.amazonaws.com"
                    ],
                    "type": "Service"
                  }
                ],
                "resources": [],
                "sid": "EKSWorkerAssumeRole"
              }
            ],
            "version": "2012-10-17"
          },
          "sensitive_attributes": []
        }
      ]
    },
    {
      "module": "module.temzy_eks_dev.module.eks",
      "mode": "data",
      "type": "aws_partition",
      "name": "current",
      "provider": "provider[\"registry.terraform.io/hashicorp/aws\"]",
      "instances": [
        {
          "schema_version": 0,
          "attributes": {
            "dns_suffix": "amazonaws.com",
            "id": "aws",
            "partition": "aws",
            "reverse_dns_prefix": "com.amazonaws"
          },
          "sensitive_attributes": []
        }
      ]
    },
    {
      "module": "module.temzy_eks_dev.module.eks",
      "mode": "data",
      "type": "http",
      "name": "wait_for_cluster",
      "provider": "provider[\"registry.terraform.io/terraform-aws-modules/http\"]",
      "instances": [
        {
          "index_key": 0,
          "schema_version": 0,
          "attributes": {
            "body": "ok",
            "ca_certificate": "-----BEGIN CERTIFICATE-----\nMIIC/jCCAeagAwIBAgIBADANBgkqhkiG9w0BAQsFADAVMRMwEQYDVQQDEwprdWJl\ncm5ldGVzMB4XDTIzMDUwOTIwNTQxMloXDTMzMDUwNjIwNTQxMlowFTETMBEGA1UE\nAxMKa3ViZXJuZXRlczCCASIwDQYJKoZIhvcNAQEBBQADggEPADCCAQoCggEBAKyl\nEb2idpDJV3yS9i9GQHjUxeDmAr/H0gt44pNY4crAmGbJCLb5XE3nAMtByhxIIJI0\n7VojGaWVVHq1CVXzIzMzP3z6qA1XQT06dq4ljBm7wnT2oJ8hBA6C0mlws6iQVRZJ\nJ6kr59X0VJ91VjmVCf0R6NvGOOTK/zsKMhI6Vk77Te5eIb8Z9wzscpgEAYR7kMP9\nFB6OFeXmJlRg4XmoznwnYatdsdENBb9ga79k5Ecf3i5oxy3fM98R+9M8P/AdxLZT\nvWf8ZQmiq+NMQ6iXo9OI+TyGcp7WNBh16ZVJf4OvN0Qk622IiZt0bxn8Vx+N/Hk3\n2OzvpfdXpZQLd0LJmDECAwEAAaNZMFcwDgYDVR0PAQH/BAQDAgKkMA8GA1UdEwEB\n/wQFMAMBAf8wHQYDVR0OBBYEFKCQKkk+Le+rXxgcfN1fCRoxZRfVMBUGA1UdEQQO\nMAyCCmt1YmVybmV0ZXMwDQYJKoZIhvcNAQELBQADggEBAAfhCmCNE0wbFzwOQR/j\ndHkeHcwIFlA/KZYWLHUqg+CtQhXUIK3ZYqu2ArSxP9XFiPZiDIJbBwC1V3epKDDZ\n5VdclqXs0nmilvhohRpDOJmptcOROSJIBDQvX3ZrmUDePwsneGBYnBUtpDyfvXNg\nlWK1ijYDs1car5sOHzzt6+lELzr4VLAaADd2xs1kX6496yL/gwe3/05gjZq6d1fP\nYNpF0Z3xVRrVt/3/x289+wm0m0bD6WjyAgUY0uGz+uDQ3rqr2zQu63XiRPPFZpaK\nPW+UcCt4+10X/9jD3a5AUMDFtZV57yabGYbiKBKYvTC+UTbf4rrECvCISCIkHirt\nitA=\n-----END CERTIFICATE-----\n",
            "id": "https://6F0BAC85C9F0B1BF40ED1F0E67769AF9.gr7.us-east-1.eks.amazonaws.com/healthz",
            "insecure": false,
            "request_headers": null,
            "response_headers": {
              "Audit-Id": "4f84df3e-534b-4133-b513-37124f0ef7e5",
              "Cache-Control": "no-cache, private",
              "Content-Length": "2",
              "Content-Type": "text/plain; charset=utf-8",
              "Date": "Tue, 09 May 2023 21:03:21 GMT",
              "X-Content-Type-Options": "nosniff",
              "X-Kubernetes-Pf-Flowschema-Uid": "3723bfdf-72b2-473c-a2e1-ff9674043fa6",
              "X-Kubernetes-Pf-Prioritylevel-Uid": "cea334aa-0ba0-4f7e-b5d2-e1789be4a095"
            },
            "timeout": 300,
            "url": "https://6F0BAC85C9F0B1BF40ED1F0E67769AF9.gr7.us-east-1.eks.amazonaws.com/healthz"
          },
          "sensitive_attributes": []
        }
      ]
    },
    {
      "module": "module.temzy_eks_dev.module.eks",
      "mode": "managed",
      "type": "aws_eks_cluster",
      "name": "this",
      "provider": "provider[\"registry.terraform.io/hashicorp/aws\"]",
      "instances": [
        {
          "index_key": 0,
          "schema_version": 0,
          "attributes": {
            "arn": "arn:aws:eks:us-east-1:454617234462:cluster/us-east-1-temzy-cluster-dev",
            "certificate_authority": [
              {
                "data": "LS0tLS1CRUdJTiBDRVJUSUZJQ0FURS0tLS0tCk1JSUMvakNDQWVhZ0F3SUJBZ0lCQURBTkJna3Foa2lHOXcwQkFRc0ZBREFWTVJNd0VRWURWUVFERXdwcmRXSmwKY201bGRHVnpNQjRYRFRJek1EVXdPVEl3TlRReE1sb1hEVE16TURVd05qSXdOVFF4TWxvd0ZURVRNQkVHQTFVRQpBeE1LYTNWaVpYSnVaWFJsY3pDQ0FTSXdEUVlKS29aSWh2Y05BUUVCQlFBRGdnRVBBRENDQVFvQ2dnRUJBS3lsCkViMmlkcERKVjN5UzlpOUdRSGpVeGVEbUFyL0gwZ3Q0NHBOWTRjckFtR2JKQ0xiNVhFM25BTXRCeWh4SUlKSTAKN1ZvakdhV1ZWSHExQ1ZYekl6TXpQM3o2cUExWFFUMDZkcTRsakJtN3duVDJvSjhoQkE2QzBtbHdzNmlRVlJaSgpKNmtyNTlYMFZKOTFWam1WQ2YwUjZOdkdPT1RLL3pzS01oSTZWazc3VGU1ZUliOFo5d3pzY3BnRUFZUjdrTVA5CkZCNk9GZVhtSmxSZzRYbW96bnduWWF0ZHNkRU5CYjlnYTc5azVFY2YzaTVveHkzZk05OFIrOU04UC9BZHhMWlQKdldmOFpRbWlxK05NUTZpWG85T0krVHlHY3A3V05CaDE2WlZKZjRPdk4wUWs2MjJJaVp0MGJ4bjhWeCtOL0hrMwoyT3p2cGZkWHBaUUxkMExKbURFQ0F3RUFBYU5aTUZjd0RnWURWUjBQQVFIL0JBUURBZ0trTUE4R0ExVWRFd0VCCi93UUZNQU1CQWY4d0hRWURWUjBPQkJZRUZLQ1FLa2srTGUrclh4Z2NmTjFmQ1JveFpSZlZNQlVHQTFVZEVRUU8KTUF5Q0NtdDFZbVZ5Ym1WMFpYTXdEUVlKS29aSWh2Y05BUUVMQlFBRGdnRUJBQWZoQ21DTkUwd2JGendPUVIvagpkSGtlSGN3SUZsQS9LWllXTEhVcWcrQ3RRaFhVSUszWllxdTJBclN4UDlYRmlQWmlESUpiQndDMVYzZXBLRERaCjVWZGNscVhzMG5taWx2aG9oUnBET0ptcHRjT1JPU0pJQkRRdlgzWnJtVURlUHdzbmVHQlluQlV0cER5ZnZYTmcKbFdLMWlqWURzMWNhcjVzT0h6enQ2K2xFTHpyNFZMQWFBRGQyeHMxa1g2NDk2eUwvZ3dlMy8wNWdqWnE2ZDFmUApZTnBGMFozeFZSclZ0LzMveDI4OSt3bTBtMGJENldqeUFnVVkwdUd6K3VEUTNycXIyelF1NjNYaVJQUEZacGFLClBXK1VjQ3Q0KzEwWC85akQzYTVBVU1ERnRaVjU3eWFiR1liaUtCS1l2VEMrVVRiZjRyckVDdkNJU0NJa0hpcnQKaXRBPQotLS0tLUVORCBDRVJUSUZJQ0FURS0tLS0tCg=="
              }
            ],
            "cluster_id": null,
            "created_at": "2023-05-09 20:48:42.943 +0000 UTC",
            "enabled_cluster_log_types": [],
            "encryption_config": [],
            "endpoint": "https://6F0BAC85C9F0B1BF40ED1F0E67769AF9.gr7.us-east-1.eks.amazonaws.com",
            "id": "us-east-1-temzy-cluster-dev",
            "identity": [
              {
                "oidc": [
                  {
                    "issuer": "https://oidc.eks.us-east-1.amazonaws.com/id/6F0BAC85C9F0B1BF40ED1F0E67769AF9"
                  }
                ]
              }
            ],
            "kubernetes_network_config": [
              {
                "ip_family": "ipv4",
                "service_ipv4_cidr": "10.100.0.0/16",
                "service_ipv6_cidr": ""
              }
            ],
            "name": "us-east-1-temzy-cluster-dev",
            "outpost_config": [],
            "platform_version": "eks.8",
            "role_arn": "arn:aws:iam::454617234462:role/us-east-1-temzy-cluster-dev20230509204816003300000005",
            "status": "ACTIVE",
            "tags": {},
            "tags_all": {},
            "timeouts": {
              "create": "30m",
              "delete": "15m",
              "update": "60m"
            },
            "version": "1.23",
            "vpc_config": [
              {
                "cluster_security_group_id": "sg-0426705b3b4c1f188",
                "endpoint_private_access": false,
                "endpoint_public_access": true,
                "public_access_cidrs": [
                  "0.0.0.0/0"
                ],
                "security_group_ids": [
                  "sg-0d38f729a53ec0892"
                ],
                "subnet_ids": [
                  "subnet-03f73661c2a25e945",
                  "subnet-0a2c61b271cd3b556"
                ],
                "vpc_id": "vpc-036a62ac5b6714c9f"
              }
            ]
          },
          "sensitive_attributes": [],
          "private": "eyJlMmJmYjczMC1lY2FhLTExZTYtOGY4OC0zNDM2M2JjN2M0YzAiOnsiY3JlYXRlIjoxODAwMDAwMDAwMDAwLCJkZWxldGUiOjkwMDAwMDAwMDAwMCwidXBkYXRlIjozNjAwMDAwMDAwMDAwfX0=",
          "dependencies": [
            "module.temzy_eks_dev.module.eks.aws_cloudwatch_log_group.this",
            "module.temzy_eks_dev.module.eks.aws_iam_role.cluster",
            "module.temzy_eks_dev.module.eks.aws_iam_role_policy_attachment.cluster_AmazonEKSClusterPolicy",
            "module.temzy_eks_dev.module.eks.aws_iam_role_policy_attachment.cluster_AmazonEKSServicePolicy",
            "module.temzy_eks_dev.module.eks.aws_iam_role_policy_attachment.cluster_AmazonEKSVPCResourceControllerPolicy",
            "module.temzy_eks_dev.module.eks.aws_security_group.cluster",
            "module.temzy_eks_dev.module.eks.aws_security_group.workers",
            "module.temzy_eks_dev.module.eks.aws_security_group_rule.cluster_egress_internet",
            "module.temzy_eks_dev.module.eks.aws_security_group_rule.cluster_https_worker_ingress",
            "module.temzy_eks_dev.module.eks.data.aws_iam_policy_document.cluster_assume_role_policy",
            "module.temzy_eks_dev.module.eks.data.aws_iam_role.custom_cluster_iam_role",
            "module.temzy_eks_dev.module.eks.data.aws_partition.current"
          ],
          "create_before_destroy": true
        }
      ]
    },
    {
      "module": "module.temzy_eks_dev.module.eks",
      "mode": "managed",
      "type": "aws_iam_policy",
      "name": "cluster_elb_sl_role_creation",
      "provider": "provider[\"registry.terraform.io/hashicorp/aws\"]",
      "instances": [
        {
          "index_key": 0,
          "schema_version": 0,
          "attributes": {
            "arn": "arn:aws:iam::454617234462:policy/us-east-1-temzy-cluster-dev-elb-sl-role-creation20230509204816000500000002",
            "description": "Permissions for EKS to create AWSServiceRoleForElasticLoadBalancing service-linked role",
            "id": "arn:aws:iam::454617234462:policy/us-east-1-temzy-cluster-dev-elb-sl-role-creation20230509204816000500000002",
            "name": "us-east-1-temzy-cluster-dev-elb-sl-role-creation20230509204816000500000002",
            "name_prefix": "us-east-1-temzy-cluster-dev-elb-sl-role-creation",
            "path": "/",
            "policy": "{\"Statement\":[{\"Action\":[\"ec2:DescribeInternetGateways\",\"ec2:DescribeAddresses\",\"ec2:DescribeAccountAttributes\"],\"Effect\":\"Allow\",\"Resource\":\"*\",\"Sid\":\"\"}],\"Version\":\"2012-10-17\"}",
            "policy_id": "ANPAWTWKMPQPBR7FYS4YP",
            "tags": {},
            "tags_all": {}
          },
          "sensitive_attributes": [],
          "private": "bnVsbA==",
          "dependencies": [
            "module.temzy_eks_dev.module.eks.data.aws_iam_policy_document.cluster_elb_sl_role_creation"
          ]
        }
      ]
    },
    {
      "module": "module.temzy_eks_dev.module.eks",
      "mode": "managed",
      "type": "aws_iam_role",
      "name": "cluster",
      "provider": "provider[\"registry.terraform.io/hashicorp/aws\"]",
      "instances": [
        {
          "index_key": 0,
          "schema_version": 0,
          "attributes": {
            "arn": "arn:aws:iam::454617234462:role/us-east-1-temzy-cluster-dev20230509204816003300000005",
            "assume_role_policy": "{\"Statement\":[{\"Action\":\"sts:AssumeRole\",\"Effect\":\"Allow\",\"Principal\":{\"Service\":\"eks.amazonaws.com\"},\"Sid\":\"EKSClusterAssumeRole\"}],\"Version\":\"2012-10-17\"}",
            "create_date": "2023-05-09T20:48:38Z",
            "description": "",
            "force_detach_policies": true,
            "id": "us-east-1-temzy-cluster-dev20230509204816003300000005",
            "inline_policy": [],
            "managed_policy_arns": [
              "arn:aws:iam::454617234462:policy/us-east-1-temzy-cluster-dev-elb-sl-role-creation20230509204816000500000002",
              "arn:aws:iam::aws:policy/AmazonEKSClusterPolicy",
              "arn:aws:iam::aws:policy/AmazonEKSServicePolicy",
              "arn:aws:iam::aws:policy/AmazonEKSVPCResourceController"
            ],
            "max_session_duration": 3600,
            "name": "us-east-1-temzy-cluster-dev20230509204816003300000005",
            "name_prefix": "us-east-1-temzy-cluster-dev",
            "path": "/",
            "permissions_boundary": null,
            "role_last_used": [
              {
                "last_used_date": "",
                "region": ""
              }
            ],
            "tags": {},
            "tags_all": {},
            "unique_id": "AROAWTWKMPQPFVL3ZFVSE"
          },
          "sensitive_attributes": [],
          "private": "bnVsbA==",
          "dependencies": [
            "module.temzy_eks_dev.module.eks.data.aws_iam_policy_document.cluster_assume_role_policy"
          ],
          "create_before_destroy": true
        }
      ]
    },
    {
      "module": "module.temzy_eks_dev.module.eks",
      "mode": "managed",
      "type": "aws_iam_role",
      "name": "workers",
      "provider": "provider[\"registry.terraform.io/hashicorp/aws\"]",
      "instances": [
        {
          "index_key": 0,
          "schema_version": 0,
          "attributes": {
            "arn": "arn:aws:iam::454617234462:role/us-east-1-temzy-cluster-dev2023050920575175480000000b",
            "assume_role_policy": "{\"Statement\":[{\"Action\":\"sts:AssumeRole\",\"Effect\":\"Allow\",\"Principal\":{\"Service\":\"ec2.amazonaws.com\"},\"Sid\":\"EKSWorkerAssumeRole\"}],\"Version\":\"2012-10-17\"}",
            "create_date": "2023-05-09T20:58:12Z",
            "description": "",
            "force_detach_policies": true,
            "id": "us-east-1-temzy-cluster-dev2023050920575175480000000b",
            "inline_policy": [],
            "managed_policy_arns": [
              "arn:aws:iam::454617234462:policy/eks-worker-autoscaling-us-east-1-temzy-cluster-dev2023050920575237590000000c",
              "arn:aws:iam::aws:policy/AmazonEC2ContainerRegistryReadOnly",
              "arn:aws:iam::aws:policy/AmazonEKSWorkerNodePolicy",
              "arn:aws:iam::aws:policy/AmazonEKS_CNI_Policy"
            ],
            "max_session_duration": 3600,
            "name": "us-east-1-temzy-cluster-dev2023050920575175480000000b",
            "name_prefix": "us-east-1-temzy-cluster-dev",
            "path": "/",
            "permissions_boundary": null,
            "role_last_used": [
              {
                "last_used_date": "",
                "region": ""
              }
            ],
            "tags": {},
            "tags_all": {},
            "unique_id": "AROAWTWKMPQPETJQTYQWB"
          },
          "sensitive_attributes": [],
          "private": "bnVsbA==",
          "dependencies": [
            "module.temzy_eks_dev.module.eks.aws_cloudwatch_log_group.this",
            "module.temzy_eks_dev.module.eks.aws_eks_cluster.this",
            "module.temzy_eks_dev.module.eks.aws_iam_role.cluster",
            "module.temzy_eks_dev.module.eks.aws_iam_role_policy_attachment.cluster_AmazonEKSClusterPolicy",
            "module.temzy_eks_dev.module.eks.aws_iam_role_policy_attachment.cluster_AmazonEKSServicePolicy",
            "module.temzy_eks_dev.module.eks.aws_iam_role_policy_attachment.cluster_AmazonEKSVPCResourceControllerPolicy",
            "module.temzy_eks_dev.module.eks.aws_security_group.cluster",
            "module.temzy_eks_dev.module.eks.aws_security_group.workers",
            "module.temzy_eks_dev.module.eks.aws_security_group_rule.cluster_egress_internet",
            "module.temzy_eks_dev.module.eks.aws_security_group_rule.cluster_https_worker_ingress",
            "module.temzy_eks_dev.module.eks.data.aws_iam_policy_document.cluster_assume_role_policy",
            "module.temzy_eks_dev.module.eks.data.aws_iam_policy_document.workers_assume_role_policy",
            "module.temzy_eks_dev.module.eks.data.aws_iam_role.custom_cluster_iam_role",
            "module.temzy_eks_dev.module.eks.data.aws_partition.current"
          ],
          "create_before_destroy": true
        }
      ]
    },
    {
      "module": "module.temzy_eks_dev.module.eks",
      "mode": "managed",
      "type": "aws_iam_role_policy_attachment",
      "name": "cluster_AmazonEKSClusterPolicy",
      "provider": "provider[\"registry.terraform.io/hashicorp/aws\"]",
      "instances": [
        {
          "index_key": 0,
          "schema_version": 0,
          "attributes": {
            "id": "us-east-1-temzy-cluster-dev20230509204816003300000005-20230509204819828100000009",
            "policy_arn": "arn:aws:iam::aws:policy/AmazonEKSClusterPolicy",
            "role": "us-east-1-temzy-cluster-dev20230509204816003300000005"
          },
          "sensitive_attributes": [],
          "private": "bnVsbA==",
          "dependencies": [
            "module.temzy_eks_dev.module.eks.aws_iam_role.cluster",
            "module.temzy_eks_dev.module.eks.data.aws_iam_policy_document.cluster_assume_role_policy",
            "module.temzy_eks_dev.module.eks.data.aws_partition.current"
          ],
          "create_before_destroy": true
        }
      ]
    },
    {
      "module": "module.temzy_eks_dev.module.eks",
      "mode": "managed",
      "type": "aws_iam_role_policy_attachment",
      "name": "cluster_AmazonEKSServicePolicy",
      "provider": "provider[\"registry.terraform.io/hashicorp/aws\"]",
      "instances": [
        {
          "index_key": 0,
          "schema_version": 0,
          "attributes": {
            "id": "us-east-1-temzy-cluster-dev20230509204816003300000005-20230509204819610500000007",
            "policy_arn": "arn:aws:iam::aws:policy/AmazonEKSServicePolicy",
            "role": "us-east-1-temzy-cluster-dev20230509204816003300000005"
          },
          "sensitive_attributes": [],
          "private": "bnVsbA==",
          "dependencies": [
            "module.temzy_eks_dev.module.eks.aws_iam_role.cluster",
            "module.temzy_eks_dev.module.eks.data.aws_iam_policy_document.cluster_assume_role_policy",
            "module.temzy_eks_dev.module.eks.data.aws_partition.current"
          ],
          "create_before_destroy": true
        }
      ]
    },
    {
      "module": "module.temzy_eks_dev.module.eks",
      "mode": "managed",
      "type": "aws_iam_role_policy_attachment",
      "name": "cluster_AmazonEKSVPCResourceControllerPolicy",
      "provider": "provider[\"registry.terraform.io/hashicorp/aws\"]",
      "instances": [
        {
          "index_key": 0,
          "schema_version": 0,
          "attributes": {
            "id": "us-east-1-temzy-cluster-dev20230509204816003300000005-2023050920481984630000000a",
            "policy_arn": "arn:aws:iam::aws:policy/AmazonEKSVPCResourceController",
            "role": "us-east-1-temzy-cluster-dev20230509204816003300000005"
          },
          "sensitive_attributes": [],
          "private": "bnVsbA==",
          "dependencies": [
            "module.temzy_eks_dev.module.eks.aws_iam_role.cluster",
            "module.temzy_eks_dev.module.eks.data.aws_iam_policy_document.cluster_assume_role_policy",
            "module.temzy_eks_dev.module.eks.data.aws_partition.current"
          ],
          "create_before_destroy": true
        }
      ]
    },
    {
      "module": "module.temzy_eks_dev.module.eks",
      "mode": "managed",
      "type": "aws_iam_role_policy_attachment",
      "name": "cluster_elb_sl_role_creation",
      "provider": "provider[\"registry.terraform.io/hashicorp/aws\"]",
      "instances": [
        {
          "index_key": 0,
          "schema_version": 0,
          "attributes": {
            "id": "us-east-1-temzy-cluster-dev20230509204816003300000005-20230509204819624800000008",
            "policy_arn": "arn:aws:iam::454617234462:policy/us-east-1-temzy-cluster-dev-elb-sl-role-creation20230509204816000500000002",
            "role": "us-east-1-temzy-cluster-dev20230509204816003300000005"
          },
          "sensitive_attributes": [],
          "private": "bnVsbA==",
          "dependencies": [
            "module.temzy_eks_dev.module.eks.aws_iam_policy.cluster_elb_sl_role_creation",
            "module.temzy_eks_dev.module.eks.aws_iam_role.cluster",
            "module.temzy_eks_dev.module.eks.data.aws_iam_policy_document.cluster_assume_role_policy",
            "module.temzy_eks_dev.module.eks.data.aws_iam_policy_document.cluster_elb_sl_role_creation"
          ]
        }
      ]
    },
    {
      "module": "module.temzy_eks_dev.module.eks",
      "mode": "managed",
      "type": "aws_iam_role_policy_attachment",
      "name": "workers_AmazonEC2ContainerRegistryReadOnly",
      "provider": "provider[\"registry.terraform.io/hashicorp/aws\"]",
      "instances": [
        {
          "index_key": 0,
          "schema_version": 0,
          "attributes": {
            "id": "us-east-1-temzy-cluster-dev2023050920575175480000000b-20230509205753561000000012",
            "policy_arn": "arn:aws:iam::aws:policy/AmazonEC2ContainerRegistryReadOnly",
            "role": "us-east-1-temzy-cluster-dev2023050920575175480000000b"
          },
          "sensitive_attributes": [],
          "private": "bnVsbA==",
          "dependencies": [
            "module.temzy_eks_dev.module.eks.aws_cloudwatch_log_group.this",
            "module.temzy_eks_dev.module.eks.aws_eks_cluster.this",
            "module.temzy_eks_dev.module.eks.aws_iam_role.cluster",
            "module.temzy_eks_dev.module.eks.aws_iam_role.workers",
            "module.temzy_eks_dev.module.eks.aws_iam_role_policy_attachment.cluster_AmazonEKSClusterPolicy",
            "module.temzy_eks_dev.module.eks.aws_iam_role_policy_attachment.cluster_AmazonEKSServicePolicy",
            "module.temzy_eks_dev.module.eks.aws_iam_role_policy_attachment.cluster_AmazonEKSVPCResourceControllerPolicy",
            "module.temzy_eks_dev.module.eks.aws_security_group.cluster",
            "module.temzy_eks_dev.module.eks.aws_security_group.workers",
            "module.temzy_eks_dev.module.eks.aws_security_group_rule.cluster_egress_internet",
            "module.temzy_eks_dev.module.eks.aws_security_group_rule.cluster_https_worker_ingress",
            "module.temzy_eks_dev.module.eks.data.aws_iam_policy_document.cluster_assume_role_policy",
            "module.temzy_eks_dev.module.eks.data.aws_iam_policy_document.workers_assume_role_policy",
            "module.temzy_eks_dev.module.eks.data.aws_iam_role.custom_cluster_iam_role",
            "module.temzy_eks_dev.module.eks.data.aws_partition.current"
          ],
          "create_before_destroy": true
        }
      ]
    },
    {
      "module": "module.temzy_eks_dev.module.eks",
      "mode": "managed",
      "type": "aws_iam_role_policy_attachment",
      "name": "workers_AmazonEKSWorkerNodePolicy",
      "provider": "provider[\"registry.terraform.io/hashicorp/aws\"]",
      "instances": [
        {
          "index_key": 0,
          "schema_version": 0,
          "attributes": {
            "id": "us-east-1-temzy-cluster-dev2023050920575175480000000b-20230509205753556200000011",
            "policy_arn": "arn:aws:iam::aws:policy/AmazonEKSWorkerNodePolicy",
            "role": "us-east-1-temzy-cluster-dev2023050920575175480000000b"
          },
          "sensitive_attributes": [],
          "private": "bnVsbA==",
          "dependencies": [
            "module.temzy_eks_dev.module.eks.aws_cloudwatch_log_group.this",
            "module.temzy_eks_dev.module.eks.aws_eks_cluster.this",
            "module.temzy_eks_dev.module.eks.aws_iam_role.cluster",
            "module.temzy_eks_dev.module.eks.aws_iam_role.workers",
            "module.temzy_eks_dev.module.eks.aws_iam_role_policy_attachment.cluster_AmazonEKSClusterPolicy",
            "module.temzy_eks_dev.module.eks.aws_iam_role_policy_attachment.cluster_AmazonEKSServicePolicy",
            "module.temzy_eks_dev.module.eks.aws_iam_role_policy_attachment.cluster_AmazonEKSVPCResourceControllerPolicy",
            "module.temzy_eks_dev.module.eks.aws_security_group.cluster",
            "module.temzy_eks_dev.module.eks.aws_security_group.workers",
            "module.temzy_eks_dev.module.eks.aws_security_group_rule.cluster_egress_internet",
            "module.temzy_eks_dev.module.eks.aws_security_group_rule.cluster_https_worker_ingress",
            "module.temzy_eks_dev.module.eks.data.aws_iam_policy_document.cluster_assume_role_policy",
            "module.temzy_eks_dev.module.eks.data.aws_iam_policy_document.workers_assume_role_policy",
            "module.temzy_eks_dev.module.eks.data.aws_iam_role.custom_cluster_iam_role",
            "module.temzy_eks_dev.module.eks.data.aws_partition.current"
          ],
          "create_before_destroy": true
        }
      ]
    },
    {
      "module": "module.temzy_eks_dev.module.eks",
      "mode": "managed",
      "type": "aws_iam_role_policy_attachment",
      "name": "workers_AmazonEKS_CNI_Policy",
      "provider": "provider[\"registry.terraform.io/hashicorp/aws\"]",
      "instances": [
        {
          "index_key": 0,
          "schema_version": 0,
          "attributes": {
            "id": "us-east-1-temzy-cluster-dev2023050920575175480000000b-2023050920575354480000000f",
            "policy_arn": "arn:aws:iam::aws:policy/AmazonEKS_CNI_Policy",
            "role": "us-east-1-temzy-cluster-dev2023050920575175480000000b"
          },
          "sensitive_attributes": [],
          "private": "bnVsbA==",
          "dependencies": [
            "module.temzy_eks_dev.module.eks.aws_cloudwatch_log_group.this",
            "module.temzy_eks_dev.module.eks.aws_eks_cluster.this",
            "module.temzy_eks_dev.module.eks.aws_iam_role.cluster",
            "module.temzy_eks_dev.module.eks.aws_iam_role.workers",
            "module.temzy_eks_dev.module.eks.aws_iam_role_policy_attachment.cluster_AmazonEKSClusterPolicy",
            "module.temzy_eks_dev.module.eks.aws_iam_role_policy_attachment.cluster_AmazonEKSServicePolicy",
            "module.temzy_eks_dev.module.eks.aws_iam_role_policy_attachment.cluster_AmazonEKSVPCResourceControllerPolicy",
            "module.temzy_eks_dev.module.eks.aws_security_group.cluster",
            "module.temzy_eks_dev.module.eks.aws_security_group.workers",
            "module.temzy_eks_dev.module.eks.aws_security_group_rule.cluster_egress_internet",
            "module.temzy_eks_dev.module.eks.aws_security_group_rule.cluster_https_worker_ingress",
            "module.temzy_eks_dev.module.eks.data.aws_iam_policy_document.cluster_assume_role_policy",
            "module.temzy_eks_dev.module.eks.data.aws_iam_policy_document.workers_assume_role_policy",
            "module.temzy_eks_dev.module.eks.data.aws_iam_role.custom_cluster_iam_role",
            "module.temzy_eks_dev.module.eks.data.aws_partition.current"
          ],
          "create_before_destroy": true
        }
      ]
    },
    {
      "module": "module.temzy_eks_dev.module.eks",
      "mode": "managed",
      "type": "aws_security_group",
      "name": "cluster",
      "provider": "provider[\"registry.terraform.io/hashicorp/aws\"]",
      "instances": [
        {
          "index_key": 0,
          "schema_version": 1,
          "attributes": {
            "arn": "arn:aws:ec2:us-east-1:454617234462:security-group/sg-0d38f729a53ec0892",
            "description": "EKS cluster security group.",
            "egress": [
              {
                "cidr_blocks": [
                  "0.0.0.0/0"
                ],
                "description": "Allow cluster egress access to the Internet.",
                "from_port": 0,
                "ipv6_cidr_blocks": [],
                "prefix_list_ids": [],
                "protocol": "-1",
                "security_groups": [],
                "self": false,
                "to_port": 0
              }
            ],
            "id": "sg-0d38f729a53ec0892",
            "ingress": [
              {
                "cidr_blocks": [],
                "description": "Allow pods to communicate with the EKS cluster API.",
                "from_port": 443,
                "ipv6_cidr_blocks": [],
                "prefix_list_ids": [],
                "protocol": "tcp",
                "security_groups": [
                  "sg-0f4b5bcf65d9e7907"
                ],
                "self": false,
                "to_port": 443
              }
            ],
            "name": "us-east-1-temzy-cluster-dev20230509204815997600000001",
            "name_prefix": "us-east-1-temzy-cluster-dev",
            "owner_id": "454617234462",
            "revoke_rules_on_delete": false,
            "tags": {
              "Name": "us-east-1-temzy-cluster-dev-eks_cluster_sg"
            },
            "tags_all": {
              "Name": "us-east-1-temzy-cluster-dev-eks_cluster_sg"
            },
            "timeouts": null,
            "vpc_id": "vpc-036a62ac5b6714c9f"
          },
          "sensitive_attributes": [],
          "private": "eyJlMmJmYjczMC1lY2FhLTExZTYtOGY4OC0zNDM2M2JjN2M0YzAiOnsiY3JlYXRlIjo2MDAwMDAwMDAwMDAsImRlbGV0ZSI6OTAwMDAwMDAwMDAwfSwic2NoZW1hX3ZlcnNpb24iOiIxIn0=",
          "create_before_destroy": true
        }
      ]
    },
    {
      "module": "module.temzy_eks_dev.module.eks",
      "mode": "managed",
      "type": "aws_security_group",
      "name": "workers",
      "provider": "provider[\"registry.terraform.io/hashicorp/aws\"]",
      "instances": [
        {
          "index_key": 0,
          "schema_version": 1,
          "attributes": {
            "arn": "arn:aws:ec2:us-east-1:454617234462:security-group/sg-0f4b5bcf65d9e7907",
            "description": "Security group for all nodes in the cluster.",
            "egress": [
              {
                "cidr_blocks": [
                  "0.0.0.0/0"
                ],
                "description": "Allow nodes all egress to the Internet.",
                "from_port": 0,
                "ipv6_cidr_blocks": [],
                "prefix_list_ids": [],
                "protocol": "-1",
                "security_groups": [],
                "self": false,
                "to_port": 0
              }
            ],
            "id": "sg-0f4b5bcf65d9e7907",
            "ingress": [
              {
                "cidr_blocks": [],
                "description": "Allow node to communicate with each other.",
                "from_port": 0,
                "ipv6_cidr_blocks": [],
                "prefix_list_ids": [],
                "protocol": "-1",
                "security_groups": [],
                "self": true,
                "to_port": 0
              },
              {
                "cidr_blocks": [],
                "description": "Allow pods running extension API servers on port 443 to receive communication from cluster control plane.",
                "from_port": 443,
                "ipv6_cidr_blocks": [],
                "prefix_list_ids": [],
                "protocol": "tcp",
                "security_groups": [
                  "sg-0d38f729a53ec0892"
                ],
                "self": false,
                "to_port": 443
              },
              {
                "cidr_blocks": [],
                "description": "Allow workers pods to receive communication from the cluster control plane.",
                "from_port": 1025,
                "ipv6_cidr_blocks": [],
                "prefix_list_ids": [],
                "protocol": "tcp",
                "security_groups": [
                  "sg-0d38f729a53ec0892"
                ],
                "self": false,
                "to_port": 65535
              }
            ],
            "name": "us-east-1-temzy-cluster-dev20230509204816001400000003",
            "name_prefix": "us-east-1-temzy-cluster-dev",
            "owner_id": "454617234462",
            "revoke_rules_on_delete": false,
            "tags": {
              "Name": "us-east-1-temzy-cluster-dev-eks_worker_sg",
              "kubernetes.io/cluster/us-east-1-temzy-cluster-dev": "owned"
            },
            "tags_all": {
              "Name": "us-east-1-temzy-cluster-dev-eks_worker_sg",
              "kubernetes.io/cluster/us-east-1-temzy-cluster-dev": "owned"
            },
            "timeouts": null,
            "vpc_id": "vpc-036a62ac5b6714c9f"
          },
          "sensitive_attributes": [],
          "private": "eyJlMmJmYjczMC1lY2FhLTExZTYtOGY4OC0zNDM2M2JjN2M0YzAiOnsiY3JlYXRlIjo2MDAwMDAwMDAwMDAsImRlbGV0ZSI6OTAwMDAwMDAwMDAwfSwic2NoZW1hX3ZlcnNpb24iOiIxIn0=",
          "create_before_destroy": true
        }
      ]
    },
    {
      "module": "module.temzy_eks_dev.module.eks",
      "mode": "managed",
      "type": "aws_security_group_rule",
      "name": "cluster_egress_internet",
      "provider": "provider[\"registry.terraform.io/hashicorp/aws\"]",
      "instances": [
        {
          "index_key": 0,
          "schema_version": 2,
          "attributes": {
            "cidr_blocks": [
              "0.0.0.0/0"
            ],
            "description": "Allow cluster egress access to the Internet.",
            "from_port": 0,
            "id": "sgrule-1593217278",
            "ipv6_cidr_blocks": null,
            "prefix_list_ids": null,
            "protocol": "-1",
            "security_group_id": "sg-0d38f729a53ec0892",
            "security_group_rule_id": "sgr-0cd6224f97288bffe",
            "self": false,
            "source_security_group_id": null,
            "timeouts": null,
            "to_port": 0,
            "type": "egress"
          },
          "sensitive_attributes": [],
          "private": "eyJlMmJmYjczMC1lY2FhLTExZTYtOGY4OC0zNDM2M2JjN2M0YzAiOnsiY3JlYXRlIjozMDAwMDAwMDAwMDB9LCJzY2hlbWFfdmVyc2lvbiI6IjIifQ==",
          "dependencies": [
            "module.temzy_eks_dev.module.eks.aws_security_group.cluster"
          ],
          "create_before_destroy": true
        }
      ]
    },
    {
      "module": "module.temzy_eks_dev.module.eks",
      "mode": "managed",
      "type": "aws_security_group_rule",
      "name": "cluster_https_worker_ingress",
      "provider": "provider[\"registry.terraform.io/hashicorp/aws\"]",
      "instances": [
        {
          "index_key": 0,
          "schema_version": 2,
          "attributes": {
            "cidr_blocks": null,
            "description": "Allow pods to communicate with the EKS cluster API.",
            "from_port": 443,
            "id": "sgrule-4105904809",
            "ipv6_cidr_blocks": null,
            "prefix_list_ids": null,
            "protocol": "tcp",
            "security_group_id": "sg-0d38f729a53ec0892",
            "security_group_rule_id": "sgr-0fcbf993dbac6116a",
            "self": false,
            "source_security_group_id": "sg-0f4b5bcf65d9e7907",
            "timeouts": null,
            "to_port": 443,
            "type": "ingress"
          },
          "sensitive_attributes": [],
          "private": "eyJlMmJmYjczMC1lY2FhLTExZTYtOGY4OC0zNDM2M2JjN2M0YzAiOnsiY3JlYXRlIjozMDAwMDAwMDAwMDB9LCJzY2hlbWFfdmVyc2lvbiI6IjIifQ==",
          "dependencies": [
            "module.temzy_eks_dev.module.eks.aws_security_group.cluster",
            "module.temzy_eks_dev.module.eks.aws_security_group.workers"
          ],
          "create_before_destroy": true
        }
      ]
    },
    {
      "module": "module.temzy_eks_dev.module.eks",
      "mode": "managed",
      "type": "aws_security_group_rule",
      "name": "workers_egress_internet",
      "provider": "provider[\"registry.terraform.io/hashicorp/aws\"]",
      "instances": [
        {
          "index_key": 0,
          "schema_version": 2,
          "attributes": {
            "cidr_blocks": [
              "0.0.0.0/0"
            ],
            "description": "Allow nodes all egress to the Internet.",
            "from_port": 0,
            "id": "sgrule-2981758481",
            "ipv6_cidr_blocks": null,
            "prefix_list_ids": null,
            "protocol": "-1",
            "security_group_id": "sg-0f4b5bcf65d9e7907",
            "security_group_rule_id": "sgr-0ede78fb80a93553f",
            "self": false,
            "source_security_group_id": null,
            "timeouts": null,
            "to_port": 0,
            "type": "egress"
          },
          "sensitive_attributes": [],
          "private": "eyJlMmJmYjczMC1lY2FhLTExZTYtOGY4OC0zNDM2M2JjN2M0YzAiOnsiY3JlYXRlIjozMDAwMDAwMDAwMDB9LCJzY2hlbWFfdmVyc2lvbiI6IjIifQ==",
          "dependencies": [
            "module.temzy_eks_dev.module.eks.aws_security_group.workers"
          ],
          "create_before_destroy": true
        }
      ]
    },
    {
      "module": "module.temzy_eks_dev.module.eks",
      "mode": "managed",
      "type": "aws_security_group_rule",
      "name": "workers_ingress_cluster",
      "provider": "provider[\"registry.terraform.io/hashicorp/aws\"]",
      "instances": [
        {
          "index_key": 0,
          "schema_version": 2,
          "attributes": {
            "cidr_blocks": null,
            "description": "Allow workers pods to receive communication from the cluster control plane.",
            "from_port": 1025,
            "id": "sgrule-628168626",
            "ipv6_cidr_blocks": null,
            "prefix_list_ids": null,
            "protocol": "tcp",
            "security_group_id": "sg-0f4b5bcf65d9e7907",
            "security_group_rule_id": "sgr-0951a97c678f66058",
            "self": false,
            "source_security_group_id": "sg-0d38f729a53ec0892",
            "timeouts": null,
            "to_port": 65535,
            "type": "ingress"
          },
          "sensitive_attributes": [],
          "private": "eyJlMmJmYjczMC1lY2FhLTExZTYtOGY4OC0zNDM2M2JjN2M0YzAiOnsiY3JlYXRlIjozMDAwMDAwMDAwMDB9LCJzY2hlbWFfdmVyc2lvbiI6IjIifQ==",
          "dependencies": [
            "module.temzy_eks_dev.module.eks.aws_security_group.cluster",
            "module.temzy_eks_dev.module.eks.aws_security_group.workers"
          ],
          "create_before_destroy": true
        }
      ]
    },
    {
      "module": "module.temzy_eks_dev.module.eks",
      "mode": "managed",
      "type": "aws_security_group_rule",
      "name": "workers_ingress_cluster_https",
      "provider": "provider[\"registry.terraform.io/hashicorp/aws\"]",
      "instances": [
        {
          "index_key": 0,
          "schema_version": 2,
          "attributes": {
            "cidr_blocks": null,
            "description": "Allow pods running extension API servers on port 443 to receive communication from cluster control plane.",
            "from_port": 443,
            "id": "sgrule-1021431684",
            "ipv6_cidr_blocks": null,
            "prefix_list_ids": null,
            "protocol": "tcp",
            "security_group_id": "sg-0f4b5bcf65d9e7907",
            "security_group_rule_id": "sgr-0225f8ec60dad4844",
            "self": false,
            "source_security_group_id": "sg-0d38f729a53ec0892",
            "timeouts": null,
            "to_port": 443,
            "type": "ingress"
          },
          "sensitive_attributes": [],
          "private": "eyJlMmJmYjczMC1lY2FhLTExZTYtOGY4OC0zNDM2M2JjN2M0YzAiOnsiY3JlYXRlIjozMDAwMDAwMDAwMDB9LCJzY2hlbWFfdmVyc2lvbiI6IjIifQ==",
          "dependencies": [
            "module.temzy_eks_dev.module.eks.aws_security_group.cluster",
            "module.temzy_eks_dev.module.eks.aws_security_group.workers"
          ],
          "create_before_destroy": true
        }
      ]
    },
    {
      "module": "module.temzy_eks_dev.module.eks",
      "mode": "managed",
      "type": "aws_security_group_rule",
      "name": "workers_ingress_self",
      "provider": "provider[\"registry.terraform.io/hashicorp/aws\"]",
      "instances": [
        {
          "index_key": 0,
          "schema_version": 2,
          "attributes": {
            "cidr_blocks": null,
            "description": "Allow node to communicate with each other.",
            "from_port": 0,
            "id": "sgrule-3112383004",
            "ipv6_cidr_blocks": null,
            "prefix_list_ids": null,
            "protocol": "-1",
            "security_group_id": "sg-0f4b5bcf65d9e7907",
            "security_group_rule_id": "sgr-00dedac1c38c0c388",
            "self": false,
            "source_security_group_id": "sg-0f4b5bcf65d9e7907",
            "timeouts": null,
            "to_port": 0,
            "type": "ingress"
          },
          "sensitive_attributes": [],
          "private": "eyJlMmJmYjczMC1lY2FhLTExZTYtOGY4OC0zNDM2M2JjN2M0YzAiOnsiY3JlYXRlIjozMDAwMDAwMDAwMDB9LCJzY2hlbWFfdmVyc2lvbiI6IjIifQ==",
          "dependencies": [
            "module.temzy_eks_dev.module.eks.aws_security_group.workers"
          ],
          "create_before_destroy": true
        }
      ]
    },
    {
      "module": "module.temzy_eks_dev.module.eks",
      "mode": "managed",
      "type": "kubernetes_config_map",
      "name": "aws_auth",
      "provider": "module.temzy_eks_dev.provider[\"registry.terraform.io/hashicorp/kubernetes\"]",
      "instances": [
        {
          "index_key": 0,
          "schema_version": 0,
          "attributes": {
            "binary_data": {},
            "data": {
              "mapAccounts": "[]\n",
              "mapRoles": "- \"groups\":\n  - \"system:bootstrappers\"\n  - \"system:nodes\"\n  \"rolearn\": \"arn:aws:iam::454617234462:role/us-east-1-temzy-cluster-dev2023050920575175480000000b\"\n  \"username\": \"system:node:{{EC2PrivateDNSName}}\"\n",
              "mapUsers": "[]\n"
            },
            "id": "kube-system/aws-auth",
            "immutable": false,
            "metadata": [
              {
                "annotations": {},
                "generate_name": "",
                "generation": 0,
                "labels": {
                  "app.kubernetes.io/managed-by": "Terraform",
                  "terraform.io/module": "terraform-aws-modules.eks.aws"
                },
                "name": "aws-auth",
                "namespace": "kube-system",
                "resource_version": "883",
                "uid": "d72af8bc-cd25-4cc0-964e-90ab29faa1dc"
              }
            ]
          },
          "sensitive_attributes": [],
          "private": "bnVsbA==",
          "dependencies": [
            "module.temzy_eks_dev.data.aws_eks_cluster.eks",
            "module.temzy_eks_dev.data.aws_eks_cluster_auth.eks",
            "module.temzy_eks_dev.module.eks.aws_cloudwatch_log_group.this",
            "module.temzy_eks_dev.module.eks.aws_eks_cluster.this",
            "module.temzy_eks_dev.module.eks.aws_iam_instance_profile.workers",
            "module.temzy_eks_dev.module.eks.aws_iam_instance_profile.workers_launch_template",
            "module.temzy_eks_dev.module.eks.aws_iam_role.cluster",
            "module.temzy_eks_dev.module.eks.aws_iam_role.workers",
            "module.temzy_eks_dev.module.eks.aws_iam_role_policy_attachment.cluster_AmazonEKSClusterPolicy",
            "module.temzy_eks_dev.module.eks.aws_iam_role_policy_attachment.cluster_AmazonEKSServicePolicy",
            "module.temzy_eks_dev.module.eks.aws_iam_role_policy_attachment.cluster_AmazonEKSVPCResourceControllerPolicy",
            "module.temzy_eks_dev.module.eks.aws_security_group.cluster",
            "module.temzy_eks_dev.module.eks.aws_security_group.workers",
            "module.temzy_eks_dev.module.eks.aws_security_group_rule.cluster_egress_internet",
            "module.temzy_eks_dev.module.eks.aws_security_group_rule.cluster_https_worker_ingress",
            "module.temzy_eks_dev.module.eks.aws_security_group_rule.cluster_private_access_cidrs_source",
            "module.temzy_eks_dev.module.eks.aws_security_group_rule.cluster_private_access_sg_source",
            "module.temzy_eks_dev.module.eks.data.aws_ami.eks_worker",
            "module.temzy_eks_dev.module.eks.data.aws_ami.eks_worker_windows",
            "module.temzy_eks_dev.module.eks.data.aws_caller_identity.current",
            "module.temzy_eks_dev.module.eks.data.aws_iam_instance_profile.custom_worker_group_iam_instance_profile",
            "module.temzy_eks_dev.module.eks.data.aws_iam_instance_profile.custom_worker_group_launch_template_iam_instance_profile",
            "module.temzy_eks_dev.module.eks.data.aws_iam_policy_document.cluster_assume_role_policy",
            "module.temzy_eks_dev.module.eks.data.aws_iam_policy_document.workers_assume_role_policy",
            "module.temzy_eks_dev.module.eks.data.aws_iam_role.custom_cluster_iam_role",
            "module.temzy_eks_dev.module.eks.data.aws_partition.current",
            "module.temzy_eks_dev.module.eks.data.http.wait_for_cluster",
            "module.temzy_eks_dev.module.eks.module.fargate.aws_iam_role.eks_fargate_pod",
            "module.temzy_eks_dev.module.eks.module.fargate.data.aws_iam_policy_document.eks_fargate_pod_assume_role",
            "module.temzy_eks_dev.module.eks.module.fargate.data.aws_iam_role.custom_fargate_iam_role"
          ],
          "create_before_destroy": true
        }
      ]
    },
    {
      "module": "module.temzy_eks_dev.module.eks",
      "mode": "managed",
      "type": "local_file",
      "name": "kubeconfig",
      "provider": "provider[\"registry.terraform.io/hashicorp/local\"]",
      "instances": [
        {
          "index_key": 0,
          "schema_version": 0,
          "attributes": {
            "content": "apiVersion: v1\npreferences: {}\nkind: Config\n\nclusters:\n- cluster:\n    server: https://6F0BAC85C9F0B1BF40ED1F0E67769AF9.gr7.us-east-1.eks.amazonaws.com\n    certificate-authority-data: LS0tLS1CRUdJTiBDRVJUSUZJQ0FURS0tLS0tCk1JSUMvakNDQWVhZ0F3SUJBZ0lCQURBTkJna3Foa2lHOXcwQkFRc0ZBREFWTVJNd0VRWURWUVFERXdwcmRXSmwKY201bGRHVnpNQjRYRFRJek1EVXdPVEl3TlRReE1sb1hEVE16TURVd05qSXdOVFF4TWxvd0ZURVRNQkVHQTFVRQpBeE1LYTNWaVpYSnVaWFJsY3pDQ0FTSXdEUVlKS29aSWh2Y05BUUVCQlFBRGdnRVBBRENDQVFvQ2dnRUJBS3lsCkViMmlkcERKVjN5UzlpOUdRSGpVeGVEbUFyL0gwZ3Q0NHBOWTRjckFtR2JKQ0xiNVhFM25BTXRCeWh4SUlKSTAKN1ZvakdhV1ZWSHExQ1ZYekl6TXpQM3o2cUExWFFUMDZkcTRsakJtN3duVDJvSjhoQkE2QzBtbHdzNmlRVlJaSgpKNmtyNTlYMFZKOTFWam1WQ2YwUjZOdkdPT1RLL3pzS01oSTZWazc3VGU1ZUliOFo5d3pzY3BnRUFZUjdrTVA5CkZCNk9GZVhtSmxSZzRYbW96bnduWWF0ZHNkRU5CYjlnYTc5azVFY2YzaTVveHkzZk05OFIrOU04UC9BZHhMWlQKdldmOFpRbWlxK05NUTZpWG85T0krVHlHY3A3V05CaDE2WlZKZjRPdk4wUWs2MjJJaVp0MGJ4bjhWeCtOL0hrMwoyT3p2cGZkWHBaUUxkMExKbURFQ0F3RUFBYU5aTUZjd0RnWURWUjBQQVFIL0JBUURBZ0trTUE4R0ExVWRFd0VCCi93UUZNQU1CQWY4d0hRWURWUjBPQkJZRUZLQ1FLa2srTGUrclh4Z2NmTjFmQ1JveFpSZlZNQlVHQTFVZEVRUU8KTUF5Q0NtdDFZbVZ5Ym1WMFpYTXdEUVlKS29aSWh2Y05BUUVMQlFBRGdnRUJBQWZoQ21DTkUwd2JGendPUVIvagpkSGtlSGN3SUZsQS9LWllXTEhVcWcrQ3RRaFhVSUszWllxdTJBclN4UDlYRmlQWmlESUpiQndDMVYzZXBLRERaCjVWZGNscVhzMG5taWx2aG9oUnBET0ptcHRjT1JPU0pJQkRRdlgzWnJtVURlUHdzbmVHQlluQlV0cER5ZnZYTmcKbFdLMWlqWURzMWNhcjVzT0h6enQ2K2xFTHpyNFZMQWFBRGQyeHMxa1g2NDk2eUwvZ3dlMy8wNWdqWnE2ZDFmUApZTnBGMFozeFZSclZ0LzMveDI4OSt3bTBtMGJENldqeUFnVVkwdUd6K3VEUTNycXIyelF1NjNYaVJQUEZacGFLClBXK1VjQ3Q0KzEwWC85akQzYTVBVU1ERnRaVjU3eWFiR1liaUtCS1l2VEMrVVRiZjRyckVDdkNJU0NJa0hpcnQKaXRBPQotLS0tLUVORCBDRVJUSUZJQ0FURS0tLS0tCg==\n  name: eks_us-east-1-temzy-cluster-dev\n\ncontexts:\n- context:\n    cluster: eks_us-east-1-temzy-cluster-dev\n    user: eks_us-east-1-temzy-cluster-dev\n  name: eks_us-east-1-temzy-cluster-dev\n\ncurrent-context: eks_us-east-1-temzy-cluster-dev\n\nusers:\n- name: eks_us-east-1-temzy-cluster-dev\n  user:\n    exec:\n      apiVersion: client.authentication.k8s.io/v1alpha1\n      command: aws-iam-authenticator\n      args:\n        - \"token\"\n        - \"-i\"\n        - \"us-east-1-temzy-cluster-dev\"\n",
            "content_base64": null,
            "content_base64sha256": "4yKH6LC7DsBDLjDCLJq1cQ4iz8YRFYrsD7Cqu6bGsjQ=",
            "content_base64sha512": "rYWY3sqfjal65A/2KgFsjUS4S3VqbAQ81niD3vGzRWrG34k9tWclOT+TrWo4ZTkOT+ws+jhdSFkNZx8lgnJeyQ==",
            "content_md5": "58c80d5839f02cedd24ce86962237de0",
            "content_sha1": "e50b19eb4843f6315b150afb4cb795f508b5d070",
            "content_sha256": "e32287e8b0bb0ec0432e30c22c9ab5710e22cfc611158aec0fb0aabba6c6b234",
            "content_sha512": "ad8598deca9f8da97ae40ff62a016c8d44b84b756a6c043cd67883def1b3456ac6df893db56725393f93ad6a3865390e4fec2cfa385d48590d671f2582725ec9",
            "directory_permission": "0755",
            "file_permission": "0600",
            "filename": "./kubeconfig_us-east-1-temzy-cluster-dev",
            "id": "e50b19eb4843f6315b150afb4cb795f508b5d070",
            "sensitive_content": null,
            "source": null
          },
          "sensitive_attributes": [],
          "dependencies": [
            "module.temzy_eks_dev.module.eks.aws_cloudwatch_log_group.this",
            "module.temzy_eks_dev.module.eks.aws_eks_cluster.this",
            "module.temzy_eks_dev.module.eks.aws_iam_role.cluster",
            "module.temzy_eks_dev.module.eks.aws_iam_role_policy_attachment.cluster_AmazonEKSClusterPolicy",
            "module.temzy_eks_dev.module.eks.aws_iam_role_policy_attachment.cluster_AmazonEKSServicePolicy",
            "module.temzy_eks_dev.module.eks.aws_iam_role_policy_attachment.cluster_AmazonEKSVPCResourceControllerPolicy",
            "module.temzy_eks_dev.module.eks.aws_security_group.cluster",
            "module.temzy_eks_dev.module.eks.aws_security_group.workers",
            "module.temzy_eks_dev.module.eks.aws_security_group_rule.cluster_egress_internet",
            "module.temzy_eks_dev.module.eks.aws_security_group_rule.cluster_https_worker_ingress",
            "module.temzy_eks_dev.module.eks.data.aws_iam_policy_document.cluster_assume_role_policy",
            "module.temzy_eks_dev.module.eks.data.aws_iam_role.custom_cluster_iam_role",
            "module.temzy_eks_dev.module.eks.data.aws_partition.current"
          ]
        }
      ]
    },
    {
      "module": "module.temzy_eks_dev.module.eks.module.fargate",
      "mode": "data",
      "type": "aws_partition",
      "name": "current",
      "provider": "provider[\"registry.terraform.io/hashicorp/aws\"]",
      "instances": [
        {
          "schema_version": 0,
          "attributes": {
            "dns_suffix": "amazonaws.com",
            "id": "aws",
            "partition": "aws",
            "reverse_dns_prefix": "com.amazonaws"
          },
          "sensitive_attributes": []
        }
      ]
    },
    {
      "module": "module.temzy_eks_dev.module.eks.module.node_groups",
      "mode": "data",
      "type": "cloudinit_config",
      "name": "workers_userdata",
      "provider": "provider[\"registry.terraform.io/hashicorp/cloudinit\"]",
      "instances": [
        {
          "index_key": "node-group-1",
          "schema_version": 0,
          "attributes": {
            "base64_encode": true,
            "boundary": "//",
            "gzip": false,
            "id": "582102054",
            "part": [
              {
                "content": "#!/bin/bash -e\n\n# Allow user supplied pre userdata code\n\n\nsed -i '/^KUBELET_EXTRA_ARGS=/a KUBELET_EXTRA_ARGS+=\" \"' /etc/eks/bootstrap.sh\n\n",
                "content_type": "text/x-shellscript",
                "filename": null,
                "merge_type": null
              }
            ],
            "rendered": "Q29udGVudC1UeXBlOiBtdWx0aXBhcnQvbWl4ZWQ7IGJvdW5kYXJ5PSIvLyIKTUlNRS1WZXJzaW9uOiAxLjANCg0KLS0vLw0KQ29udGVudC1UcmFuc2Zlci1FbmNvZGluZzogN2JpdA0KQ29udGVudC1UeXBlOiB0ZXh0L3gtc2hlbGxzY3JpcHQNCk1pbWUtVmVyc2lvbjogMS4wDQoNCiMhL2Jpbi9iYXNoIC1lCgojIEFsbG93IHVzZXIgc3VwcGxpZWQgcHJlIHVzZXJkYXRhIGNvZGUKCgpzZWQgLWkgJy9eS1VCRUxFVF9FWFRSQV9BUkdTPS9hIEtVQkVMRVRfRVhUUkFfQVJHUys9IiAiJyAvZXRjL2Vrcy9ib290c3RyYXAuc2gKCg0KLS0vLy0tDQo="
          },
          "sensitive_attributes": []
        }
      ]
    },
    {
      "module": "module.temzy_eks_dev.module.eks.module.node_groups",
      "mode": "managed",
      "type": "aws_eks_node_group",
      "name": "workers",
      "provider": "provider[\"registry.terraform.io/hashicorp/aws\"]",
      "instances": [
        {
          "index_key": "node-group-1",
          "schema_version": 0,
          "attributes": {
            "ami_type": "AL2_x86_64",
            "arn": "arn:aws:eks:us-east-1:454617234462:nodegroup/us-east-1-temzy-cluster-dev/temzy-cluster-dev/86c40127-5eff-4a39-b450-b8521231b63e",
            "capacity_type": "ON_DEMAND",
            "cluster_name": "us-east-1-temzy-cluster-dev",
            "disk_size": 0,
            "force_update_version": null,
            "id": "us-east-1-temzy-cluster-dev:temzy-cluster-dev",
            "instance_types": [
              "m6in.large"
            ],
            "labels": {},
            "launch_template": [
              {
                "id": "lt-0438d88046c1b6ba1",
                "name": "temzy-cluster-dev2023050920575333850000000d",
                "version": "2"
              }
            ],
            "node_group_name": "temzy-cluster-dev",
            "node_group_name_prefix": "",
            "node_role_arn": "arn:aws:iam::454617234462:role/us-east-1-temzy-cluster-dev2023050920575175480000000b",
            "release_version": "1.23.17-20230501",
            "remote_access": [],
            "resources": [
              {
                "autoscaling_groups": [
                  {
                    "name": "eks-temzy-cluster-dev-86c40127-5eff-4a39-b450-b8521231b63e"
                  }
                ],
                "remote_access_security_group_id": ""
              }
            ],
            "scaling_config": [
              {
                "desired_size": 1,
                "max_size": 5,
                "min_size": 1
              }
            ],
            "status": "ACTIVE",
            "subnet_ids": [
              "subnet-03f73661c2a25e945",
              "subnet-0a2c61b271cd3b556"
            ],
            "tags": {
              "Environment": "dev",
              "Terraform": "true",
              "k8s.io/cluster-autoscaler/enabled ": "true",
              "k8s.io/cluster-autoscaler/us-east-1-temzy-cluster-dev": "owned"
            },
            "tags_all": {
              "Environment": "dev",
              "Terraform": "true",
              "k8s.io/cluster-autoscaler/enabled ": "true",
              "k8s.io/cluster-autoscaler/us-east-1-temzy-cluster-dev": "owned"
            },
            "taint": [],
            "timeouts": {
              "create": null,
              "delete": null,
              "update": null
            },
            "update_config": [
              {
                "max_unavailable": 1,
                "max_unavailable_percentage": 0
              }
            ],
            "version": "1.23"
          },
          "sensitive_attributes": [],
          "private": "eyJlMmJmYjczMC1lY2FhLTExZTYtOGY4OC0zNDM2M2JjN2M0YzAiOnsiY3JlYXRlIjozNjAwMDAwMDAwMDAwLCJkZWxldGUiOjM2MDAwMDAwMDAwMDAsInVwZGF0ZSI6MzYwMDAwMDAwMDAwMH19",
          "dependencies": [
            "module.temzy_eks_dev.data.aws_eks_cluster.eks",
            "module.temzy_eks_dev.data.aws_eks_cluster_auth.eks",
            "module.temzy_eks_dev.module.eks.aws_eks_cluster.this",
            "module.temzy_eks_dev.module.eks.aws_iam_role.workers",
            "module.temzy_eks_dev.module.eks.aws_iam_role_policy_attachment.workers_AmazonEC2ContainerRegistryReadOnly",
            "module.temzy_eks_dev.module.eks.aws_iam_role_policy_attachment.workers_AmazonEKSWorkerNodePolicy",
            "module.temzy_eks_dev.module.eks.aws_iam_role_policy_attachment.workers_AmazonEKS_CNI_Policy",
            "module.temzy_eks_dev.module.eks.aws_security_group.workers",
            "module.temzy_eks_dev.module.eks.data.aws_ami.eks_worker",
            "module.temzy_eks_dev.module.eks.data.aws_ami.eks_worker_windows",
            "module.temzy_eks_dev.module.eks.kubernetes_config_map.aws_auth",
            "module.temzy_eks_dev.module.eks.module.node_groups.aws_launch_template.workers",
            "module.temzy_eks_dev.module.eks.module.node_groups.data.cloudinit_config.workers_userdata"
          ],
          "create_before_destroy": true
        }
      ]
    },
    {
      "module": "module.temzy_eks_dev.module.eks.module.node_groups",
      "mode": "managed",
      "type": "aws_launch_template",
      "name": "workers",
      "provider": "provider[\"registry.terraform.io/hashicorp/aws\"]",
      "instances": [
        {
          "index_key": "node-group-1",
          "schema_version": 0,
          "attributes": {
            "arn": "arn:aws:ec2:us-east-1:454617234462:launch-template/lt-0438d88046c1b6ba1",
            "block_device_mappings": [
              {
                "device_name": "/dev/xvda",
                "ebs": [
                  {
                    "delete_on_termination": "true",
                    "encrypted": "false",
                    "iops": 0,
                    "kms_key_id": "",
                    "snapshot_id": "",
                    "throughput": 0,
                    "volume_size": 100,
                    "volume_type": "gp2"
                  }
                ],
                "no_device": "",
                "virtual_name": ""
              }
            ],
            "capacity_reservation_specification": [],
            "cpu_options": [],
            "credit_specification": [],
            "default_version": 2,
            "description": "EKS Managed Node Group custom LT for temzy-cluster-dev",
            "disable_api_stop": false,
            "disable_api_termination": false,
            "ebs_optimized": "",
            "elastic_gpu_specifications": [],
            "elastic_inference_accelerator": [],
            "enclave_options": [],
            "hibernation_options": [],
            "iam_instance_profile": [],
            "id": "lt-0438d88046c1b6ba1",
            "image_id": "",
            "instance_initiated_shutdown_behavior": "",
            "instance_market_options": [],
            "instance_requirements": [],
            "instance_type": "",
            "kernel_id": "",
            "key_name": "",
            "latest_version": 2,
            "license_specification": [],
            "maintenance_options": [],
            "metadata_options": [
              {
                "http_endpoint": "enabled",
                "http_protocol_ipv6": "disabled",
                "http_put_response_hop_limit": 0,
                "http_tokens": "optional",
                "instance_metadata_tags": "disabled"
              }
            ],
            "monitoring": [
              {
                "enabled": true
              }
            ],
            "name": "temzy-cluster-dev2023050920575333850000000d",
            "name_prefix": "temzy-cluster-dev",
            "network_interfaces": [
              {
                "associate_carrier_ip_address": "",
                "associate_public_ip_address": "false",
                "delete_on_termination": "true",
                "description": "",
                "device_index": 0,
                "interface_type": "",
                "ipv4_address_count": 0,
                "ipv4_addresses": [],
                "ipv4_prefix_count": 0,
                "ipv4_prefixes": [],
                "ipv6_address_count": 0,
                "ipv6_addresses": [],
                "ipv6_prefix_count": 0,
                "ipv6_prefixes": [],
                "network_card_index": 0,
                "network_interface_id": "",
                "private_ip_address": "",
                "security_groups": [
                  "sg-0f4b5bcf65d9e7907"
                ],
                "subnet_id": ""
              }
            ],
            "placement": [],
            "private_dns_name_options": [],
            "ram_disk_id": "",
            "security_group_names": [],
            "tag_specifications": [
              {
                "resource_type": "instance",
                "tags": {
                  "Environment": "dev",
                  "Name": "temzy-cluster-dev",
                  "Terraform": "true",
                  "k8s.io/cluster-autoscaler/enabled": "true",
                  "k8s.io/cluster-autoscaler/us-east-1-temzy-cluster-dev": "owned"
                }
              },
              {
                "resource_type": "volume",
                "tags": {
                  "Environment": "dev",
                  "Name": "temzy-cluster-dev",
                  "Terraform": "true",
                  "k8s.io/cluster-autoscaler/enabled": "true",
                  "k8s.io/cluster-autoscaler/us-east-1-temzy-cluster-dev": "owned"
                }
              },
              {
                "resource_type": "network-interface",
                "tags": {
                  "Environment": "dev",
                  "Name": "temzy-cluster-dev",
                  "Terraform": "true",
                  "k8s.io/cluster-autoscaler/enabled": "true",
                  "k8s.io/cluster-autoscaler/us-east-1-temzy-cluster-dev": "owned"
                }
              }
            ],
            "tags": {
              "Environment": "dev",
              "Terraform": "true",
              "k8s.io/cluster-autoscaler/enabled": "true",
              "k8s.io/cluster-autoscaler/us-east-1-temzy-cluster-dev": "owned"
            },
            "tags_all": {
              "Environment": "dev",
              "Terraform": "true",
              "k8s.io/cluster-autoscaler/enabled": "true",
              "k8s.io/cluster-autoscaler/us-east-1-temzy-cluster-dev": "owned"
            },
            "update_default_version": true,
            "user_data": "Q29udGVudC1UeXBlOiBtdWx0aXBhcnQvbWl4ZWQ7IGJvdW5kYXJ5PSIvLyIKTUlNRS1WZXJzaW9uOiAxLjANCg0KLS0vLw0KQ29udGVudC1UcmFuc2Zlci1FbmNvZGluZzogN2JpdA0KQ29udGVudC1UeXBlOiB0ZXh0L3gtc2hlbGxzY3JpcHQNCk1pbWUtVmVyc2lvbjogMS4wDQoNCiMhL2Jpbi9iYXNoIC1lCgojIEFsbG93IHVzZXIgc3VwcGxpZWQgcHJlIHVzZXJkYXRhIGNvZGUKCgpzZWQgLWkgJy9eS1VCRUxFVF9FWFRSQV9BUkdTPS9hIEtVQkVMRVRfRVhUUkFfQVJHUys9IiAiJyAvZXRjL2Vrcy9ib290c3RyYXAuc2gKCg0KLS0vLy0tDQo=",
            "vpc_security_group_ids": []
          },
          "sensitive_attributes": [],
          "private": "bnVsbA==",
          "dependencies": [
            "module.temzy_eks_dev.module.eks.aws_eks_cluster.this",
            "module.temzy_eks_dev.module.eks.aws_iam_role.workers",
            "module.temzy_eks_dev.module.eks.aws_security_group.workers",
            "module.temzy_eks_dev.module.eks.data.aws_ami.eks_worker",
            "module.temzy_eks_dev.module.eks.data.aws_ami.eks_worker_windows",
            "module.temzy_eks_dev.module.eks.module.node_groups.data.cloudinit_config.workers_userdata"
          ],
          "create_before_destroy": true
        }
      ]
    },
    {
      "module": "module.temzy_vpc.module.vpc",
      "mode": "managed",
      "type": "aws_eip",
      "name": "nat",
      "provider": "provider[\"registry.terraform.io/hashicorp/aws\"]",
      "instances": [
        {
          "index_key": 0,
          "schema_version": 0,
          "attributes": {
            "address": null,
            "allocation_id": "eipalloc-0074b58cc1897523c",
            "associate_with_private_ip": null,
            "association_id": "eipassoc-0803a7bf4ad4f7236",
            "carrier_ip": "",
            "customer_owned_ip": "",
            "customer_owned_ipv4_pool": "",
            "domain": "vpc",
            "id": "eipalloc-0074b58cc1897523c",
            "instance": "",
            "network_border_group": "us-east-1",
            "network_interface": "eni-02463eb9e10cf5ea5",
            "private_dns": "ip-172-16-102-168.ec2.internal",
            "private_ip": "172.16.102.168",
            "public_dns": "ec2-44-214-130-136.compute-1.amazonaws.com",
            "public_ip": "44.214.130.136",
            "public_ipv4_pool": "amazon",
            "tags": {
              "Environment": "dev",
              "Name": "us-east-1-temzy-vpc-dev-us-east-1a",
              "Terraform": "true",
              "kubernetes.io/cluster/us-east-1-temzy-cluster-dev": "shared"
            },
            "tags_all": {
              "Environment": "dev",
              "Name": "us-east-1-temzy-vpc-dev-us-east-1a",
              "Terraform": "true",
              "kubernetes.io/cluster/us-east-1-temzy-cluster-dev": "shared"
            },
            "timeouts": null,
            "vpc": true
          },
          "sensitive_attributes": [],
          "private": "eyJlMmJmYjczMC1lY2FhLTExZTYtOGY4OC0zNDM2M2JjN2M0YzAiOnsiZGVsZXRlIjoxODAwMDAwMDAwMDAsInJlYWQiOjkwMDAwMDAwMDAwMCwidXBkYXRlIjozMDAwMDAwMDAwMDB9fQ=="
        },
        {
          "index_key": 1,
          "schema_version": 0,
          "attributes": {
            "address": null,
            "allocation_id": "eipalloc-06c237297b8b59ffa",
            "associate_with_private_ip": null,
            "association_id": "eipassoc-073c2d36e0e34a699",
            "carrier_ip": "",
            "customer_owned_ip": "",
            "customer_owned_ipv4_pool": "",
            "domain": "vpc",
            "id": "eipalloc-06c237297b8b59ffa",
            "instance": "",
            "network_border_group": "us-east-1",
            "network_interface": "eni-0188575ac027e5f71",
            "private_dns": "ip-172-16-149-229.ec2.internal",
            "private_ip": "172.16.149.229",
            "public_dns": "ec2-44-208-154-236.compute-1.amazonaws.com",
            "public_ip": "44.208.154.236",
            "public_ipv4_pool": "amazon",
            "tags": {
              "Environment": "dev",
              "Name": "us-east-1-temzy-vpc-dev-us-east-1b",
              "Terraform": "true",
              "kubernetes.io/cluster/us-east-1-temzy-cluster-dev": "shared"
            },
            "tags_all": {
              "Environment": "dev",
              "Name": "us-east-1-temzy-vpc-dev-us-east-1b",
              "Terraform": "true",
              "kubernetes.io/cluster/us-east-1-temzy-cluster-dev": "shared"
            },
            "timeouts": null,
            "vpc": true
          },
          "sensitive_attributes": [],
          "private": "eyJlMmJmYjczMC1lY2FhLTExZTYtOGY4OC0zNDM2M2JjN2M0YzAiOnsiZGVsZXRlIjoxODAwMDAwMDAwMDAsInJlYWQiOjkwMDAwMDAwMDAwMCwidXBkYXRlIjozMDAwMDAwMDAwMDB9fQ=="
        }
      ]
    },
    {
      "module": "module.temzy_vpc.module.vpc",
      "mode": "managed",
      "type": "aws_internet_gateway",
      "name": "this",
      "provider": "provider[\"registry.terraform.io/hashicorp/aws\"]",
      "instances": [
        {
          "index_key": 0,
          "schema_version": 0,
          "attributes": {
            "arn": "arn:aws:ec2:us-east-1:454617234462:internet-gateway/igw-04eb8c6029083080a",
            "id": "igw-04eb8c6029083080a",
            "owner_id": "454617234462",
            "tags": {
              "Environment": "dev",
              "Name": "us-east-1-temzy-vpc-dev",
              "Terraform": "true",
              "kubernetes.io/cluster/us-east-1-temzy-cluster-dev": "shared"
            },
            "tags_all": {
              "Environment": "dev",
              "Name": "us-east-1-temzy-vpc-dev",
              "Terraform": "true",
              "kubernetes.io/cluster/us-east-1-temzy-cluster-dev": "shared"
            },
            "timeouts": null,
            "vpc_id": "vpc-036a62ac5b6714c9f"
          },
          "sensitive_attributes": [],
          "private": "eyJlMmJmYjczMC1lY2FhLTExZTYtOGY4OC0zNDM2M2JjN2M0YzAiOnsiY3JlYXRlIjoxMjAwMDAwMDAwMDAwLCJkZWxldGUiOjEyMDAwMDAwMDAwMDAsInVwZGF0ZSI6MTIwMDAwMDAwMDAwMH19",
          "dependencies": [
            "module.temzy_vpc.module.vpc.aws_vpc.this",
            "module.temzy_vpc.module.vpc.aws_vpc_ipv4_cidr_block_association.this"
          ]
        }
      ]
    },
    {
      "module": "module.temzy_vpc.module.vpc",
      "mode": "managed",
      "type": "aws_nat_gateway",
      "name": "this",
      "provider": "provider[\"registry.terraform.io/hashicorp/aws\"]",
      "instances": [
        {
          "index_key": 0,
          "schema_version": 0,
          "attributes": {
            "allocation_id": "eipalloc-0074b58cc1897523c",
            "association_id": "eipassoc-0803a7bf4ad4f7236",
            "connectivity_type": "public",
            "id": "nat-04e0496a1cf734aa4",
            "network_interface_id": "eni-02463eb9e10cf5ea5",
            "private_ip": "172.16.102.168",
            "public_ip": "44.214.130.136",
            "subnet_id": "subnet-087133bb43dab2a0b",
            "tags": {
              "Environment": "dev",
              "Name": "us-east-1-temzy-vpc-dev-us-east-1a",
              "Terraform": "true",
              "kubernetes.io/cluster/us-east-1-temzy-cluster-dev": "shared"
            },
            "tags_all": {
              "Environment": "dev",
              "Name": "us-east-1-temzy-vpc-dev-us-east-1a",
              "Terraform": "true",
              "kubernetes.io/cluster/us-east-1-temzy-cluster-dev": "shared"
            }
          },
          "sensitive_attributes": [],
          "private": "bnVsbA==",
          "dependencies": [
            "module.temzy_vpc.module.vpc.aws_eip.nat",
            "module.temzy_vpc.module.vpc.aws_internet_gateway.this",
            "module.temzy_vpc.module.vpc.aws_subnet.public",
            "module.temzy_vpc.module.vpc.aws_vpc.this",
            "module.temzy_vpc.module.vpc.aws_vpc_ipv4_cidr_block_association.this"
          ]
        },
        {
          "index_key": 1,
          "schema_version": 0,
          "attributes": {
            "allocation_id": "eipalloc-06c237297b8b59ffa",
            "association_id": "eipassoc-073c2d36e0e34a699",
            "connectivity_type": "public",
            "id": "nat-0f8245c96880957b3",
            "network_interface_id": "eni-0188575ac027e5f71",
            "private_ip": "172.16.149.229",
            "public_ip": "44.208.154.236",
            "subnet_id": "subnet-0f4d6a2b111330ea3",
            "tags": {
              "Environment": "dev",
              "Name": "us-east-1-temzy-vpc-dev-us-east-1b",
              "Terraform": "true",
              "kubernetes.io/cluster/us-east-1-temzy-cluster-dev": "shared"
            },
            "tags_all": {
              "Environment": "dev",
              "Name": "us-east-1-temzy-vpc-dev-us-east-1b",
              "Terraform": "true",
              "kubernetes.io/cluster/us-east-1-temzy-cluster-dev": "shared"
            }
          },
          "sensitive_attributes": [],
          "private": "bnVsbA==",
          "dependencies": [
            "module.temzy_vpc.module.vpc.aws_eip.nat",
            "module.temzy_vpc.module.vpc.aws_internet_gateway.this",
            "module.temzy_vpc.module.vpc.aws_subnet.public",
            "module.temzy_vpc.module.vpc.aws_vpc.this",
            "module.temzy_vpc.module.vpc.aws_vpc_ipv4_cidr_block_association.this"
          ]
        }
      ]
    },
    {
      "module": "module.temzy_vpc.module.vpc",
      "mode": "managed",
      "type": "aws_route",
      "name": "private_nat_gateway",
      "provider": "provider[\"registry.terraform.io/hashicorp/aws\"]",
      "instances": [
        {
          "index_key": 0,
          "schema_version": 0,
          "attributes": {
            "carrier_gateway_id": "",
            "core_network_arn": "",
            "destination_cidr_block": "0.0.0.0/0",
            "destination_ipv6_cidr_block": "",
            "destination_prefix_list_id": "",
            "egress_only_gateway_id": "",
            "gateway_id": "",
            "id": "r-rtb-051b2bea68d1ffffc1080289494",
            "instance_id": "",
            "instance_owner_id": "",
            "local_gateway_id": "",
            "nat_gateway_id": "nat-04e0496a1cf734aa4",
            "network_interface_id": "",
            "origin": "CreateRoute",
            "route_table_id": "rtb-051b2bea68d1ffffc",
            "state": "active",
            "timeouts": {
              "create": "5m",
              "delete": null,
              "update": null
            },
            "transit_gateway_id": "",
            "vpc_endpoint_id": "",
            "vpc_peering_connection_id": ""
          },
          "sensitive_attributes": [],
          "private": "eyJlMmJmYjczMC1lY2FhLTExZTYtOGY4OC0zNDM2M2JjN2M0YzAiOnsiY3JlYXRlIjozMDAwMDAwMDAwMDAsImRlbGV0ZSI6MzAwMDAwMDAwMDAwLCJ1cGRhdGUiOjEyMDAwMDAwMDAwMH19",
          "dependencies": [
            "module.temzy_vpc.module.vpc.aws_eip.nat",
            "module.temzy_vpc.module.vpc.aws_internet_gateway.this",
            "module.temzy_vpc.module.vpc.aws_nat_gateway.this",
            "module.temzy_vpc.module.vpc.aws_route_table.private",
            "module.temzy_vpc.module.vpc.aws_subnet.public",
            "module.temzy_vpc.module.vpc.aws_vpc.this",
            "module.temzy_vpc.module.vpc.aws_vpc_ipv4_cidr_block_association.this"
          ]
        },
        {
          "index_key": 1,
          "schema_version": 0,
          "attributes": {
            "carrier_gateway_id": "",
            "core_network_arn": "",
            "destination_cidr_block": "0.0.0.0/0",
            "destination_ipv6_cidr_block": "",
            "destination_prefix_list_id": "",
            "egress_only_gateway_id": "",
            "gateway_id": "",
            "id": "r-rtb-0ba6be0eaa0e909791080289494",
            "instance_id": "",
            "instance_owner_id": "",
            "local_gateway_id": "",
            "nat_gateway_id": "nat-0f8245c96880957b3",
            "network_interface_id": "",
            "origin": "CreateRoute",
            "route_table_id": "rtb-0ba6be0eaa0e90979",
            "state": "active",
            "timeouts": {
              "create": "5m",
              "delete": null,
              "update": null
            },
            "transit_gateway_id": "",
            "vpc_endpoint_id": "",
            "vpc_peering_connection_id": ""
          },
          "sensitive_attributes": [],
          "private": "eyJlMmJmYjczMC1lY2FhLTExZTYtOGY4OC0zNDM2M2JjN2M0YzAiOnsiY3JlYXRlIjozMDAwMDAwMDAwMDAsImRlbGV0ZSI6MzAwMDAwMDAwMDAwLCJ1cGRhdGUiOjEyMDAwMDAwMDAwMH19",
          "dependencies": [
            "module.temzy_vpc.module.vpc.aws_eip.nat",
            "module.temzy_vpc.module.vpc.aws_internet_gateway.this",
            "module.temzy_vpc.module.vpc.aws_nat_gateway.this",
            "module.temzy_vpc.module.vpc.aws_route_table.private",
            "module.temzy_vpc.module.vpc.aws_subnet.public",
            "module.temzy_vpc.module.vpc.aws_vpc.this",
            "module.temzy_vpc.module.vpc.aws_vpc_ipv4_cidr_block_association.this"
          ]
        }
      ]
    },
    {
      "module": "module.temzy_vpc.module.vpc",
      "mode": "managed",
      "type": "aws_route",
      "name": "public_internet_gateway",
      "provider": "provider[\"registry.terraform.io/hashicorp/aws\"]",
      "instances": [
        {
          "index_key": 0,
          "schema_version": 0,
          "attributes": {
            "carrier_gateway_id": "",
            "core_network_arn": "",
            "destination_cidr_block": "0.0.0.0/0",
            "destination_ipv6_cidr_block": "",
            "destination_prefix_list_id": "",
            "egress_only_gateway_id": "",
            "gateway_id": "igw-04eb8c6029083080a",
            "id": "r-rtb-017663bd251bb41cb1080289494",
            "instance_id": "",
            "instance_owner_id": "",
            "local_gateway_id": "",
            "nat_gateway_id": "",
            "network_interface_id": "",
            "origin": "CreateRoute",
            "route_table_id": "rtb-017663bd251bb41cb",
            "state": "active",
            "timeouts": {
              "create": "5m",
              "delete": null,
              "update": null
            },
            "transit_gateway_id": "",
            "vpc_endpoint_id": "",
            "vpc_peering_connection_id": ""
          },
          "sensitive_attributes": [],
          "private": "eyJlMmJmYjczMC1lY2FhLTExZTYtOGY4OC0zNDM2M2JjN2M0YzAiOnsiY3JlYXRlIjozMDAwMDAwMDAwMDAsImRlbGV0ZSI6MzAwMDAwMDAwMDAwLCJ1cGRhdGUiOjEyMDAwMDAwMDAwMH19",
          "dependencies": [
            "module.temzy_vpc.module.vpc.aws_internet_gateway.this",
            "module.temzy_vpc.module.vpc.aws_route_table.public",
            "module.temzy_vpc.module.vpc.aws_vpc.this",
            "module.temzy_vpc.module.vpc.aws_vpc_ipv4_cidr_block_association.this"
          ]
        }
      ]
    },
    {
      "module": "module.temzy_vpc.module.vpc",
      "mode": "managed",
      "type": "aws_route_table",
      "name": "private",
      "provider": "provider[\"registry.terraform.io/hashicorp/aws\"]",
      "instances": [
        {
          "index_key": 0,
          "schema_version": 0,
          "attributes": {
            "arn": "arn:aws:ec2:us-east-1:454617234462:route-table/rtb-051b2bea68d1ffffc",
            "id": "rtb-051b2bea68d1ffffc",
            "owner_id": "454617234462",
            "propagating_vgws": [],
            "route": [
              {
                "carrier_gateway_id": "",
                "cidr_block": "0.0.0.0/0",
                "core_network_arn": "",
                "destination_prefix_list_id": "",
                "egress_only_gateway_id": "",
                "gateway_id": "",
                "instance_id": "",
                "ipv6_cidr_block": "",
                "local_gateway_id": "",
                "nat_gateway_id": "nat-04e0496a1cf734aa4",
                "network_interface_id": "",
                "transit_gateway_id": "",
                "vpc_endpoint_id": "",
                "vpc_peering_connection_id": ""
              }
            ],
            "tags": {
              "Environment": "dev",
              "Name": "us-east-1-temzy-vpc-dev-private-us-east-1a",
              "Terraform": "true",
              "kubernetes.io/cluster/us-east-1-temzy-cluster-dev": "shared"
            },
            "tags_all": {
              "Environment": "dev",
              "Name": "us-east-1-temzy-vpc-dev-private-us-east-1a",
              "Terraform": "true",
              "kubernetes.io/cluster/us-east-1-temzy-cluster-dev": "shared"
            },
            "timeouts": null,
            "vpc_id": "vpc-036a62ac5b6714c9f"
          },
          "sensitive_attributes": [],
          "private": "eyJlMmJmYjczMC1lY2FhLTExZTYtOGY4OC0zNDM2M2JjN2M0YzAiOnsiY3JlYXRlIjozMDAwMDAwMDAwMDAsImRlbGV0ZSI6MzAwMDAwMDAwMDAwLCJ1cGRhdGUiOjEyMDAwMDAwMDAwMH19",
          "dependencies": [
            "module.temzy_vpc.module.vpc.aws_vpc.this",
            "module.temzy_vpc.module.vpc.aws_vpc_ipv4_cidr_block_association.this"
          ]
        },
        {
          "index_key": 1,
          "schema_version": 0,
          "attributes": {
            "arn": "arn:aws:ec2:us-east-1:454617234462:route-table/rtb-0ba6be0eaa0e90979",
            "id": "rtb-0ba6be0eaa0e90979",
            "owner_id": "454617234462",
            "propagating_vgws": [],
            "route": [
              {
                "carrier_gateway_id": "",
                "cidr_block": "0.0.0.0/0",
                "core_network_arn": "",
                "destination_prefix_list_id": "",
                "egress_only_gateway_id": "",
                "gateway_id": "",
                "instance_id": "",
                "ipv6_cidr_block": "",
                "local_gateway_id": "",
                "nat_gateway_id": "nat-0f8245c96880957b3",
                "network_interface_id": "",
                "transit_gateway_id": "",
                "vpc_endpoint_id": "",
                "vpc_peering_connection_id": ""
              }
            ],
            "tags": {
              "Environment": "dev",
              "Name": "us-east-1-temzy-vpc-dev-private-us-east-1b",
              "Terraform": "true",
              "kubernetes.io/cluster/us-east-1-temzy-cluster-dev": "shared"
            },
            "tags_all": {
              "Environment": "dev",
              "Name": "us-east-1-temzy-vpc-dev-private-us-east-1b",
              "Terraform": "true",
              "kubernetes.io/cluster/us-east-1-temzy-cluster-dev": "shared"
            },
            "timeouts": null,
            "vpc_id": "vpc-036a62ac5b6714c9f"
          },
          "sensitive_attributes": [],
          "private": "eyJlMmJmYjczMC1lY2FhLTExZTYtOGY4OC0zNDM2M2JjN2M0YzAiOnsiY3JlYXRlIjozMDAwMDAwMDAwMDAsImRlbGV0ZSI6MzAwMDAwMDAwMDAwLCJ1cGRhdGUiOjEyMDAwMDAwMDAwMH19",
          "dependencies": [
            "module.temzy_vpc.module.vpc.aws_vpc.this",
            "module.temzy_vpc.module.vpc.aws_vpc_ipv4_cidr_block_association.this"
          ]
        }
      ]
    },
    {
      "module": "module.temzy_vpc.module.vpc",
      "mode": "managed",
      "type": "aws_route_table",
      "name": "public",
      "provider": "provider[\"registry.terraform.io/hashicorp/aws\"]",
      "instances": [
        {
          "index_key": 0,
          "schema_version": 0,
          "attributes": {
            "arn": "arn:aws:ec2:us-east-1:454617234462:route-table/rtb-017663bd251bb41cb",
            "id": "rtb-017663bd251bb41cb",
            "owner_id": "454617234462",
            "propagating_vgws": [],
            "route": [
              {
                "carrier_gateway_id": "",
                "cidr_block": "0.0.0.0/0",
                "core_network_arn": "",
                "destination_prefix_list_id": "",
                "egress_only_gateway_id": "",
                "gateway_id": "igw-04eb8c6029083080a",
                "instance_id": "",
                "ipv6_cidr_block": "",
                "local_gateway_id": "",
                "nat_gateway_id": "",
                "network_interface_id": "",
                "transit_gateway_id": "",
                "vpc_endpoint_id": "",
                "vpc_peering_connection_id": ""
              }
            ],
            "tags": {
              "Environment": "dev",
              "Name": "us-east-1-temzy-vpc-dev-public",
              "Terraform": "true",
              "kubernetes.io/cluster/us-east-1-temzy-cluster-dev": "shared"
            },
            "tags_all": {
              "Environment": "dev",
              "Name": "us-east-1-temzy-vpc-dev-public",
              "Terraform": "true",
              "kubernetes.io/cluster/us-east-1-temzy-cluster-dev": "shared"
            },
            "timeouts": null,
            "vpc_id": "vpc-036a62ac5b6714c9f"
          },
          "sensitive_attributes": [],
          "private": "eyJlMmJmYjczMC1lY2FhLTExZTYtOGY4OC0zNDM2M2JjN2M0YzAiOnsiY3JlYXRlIjozMDAwMDAwMDAwMDAsImRlbGV0ZSI6MzAwMDAwMDAwMDAwLCJ1cGRhdGUiOjEyMDAwMDAwMDAwMH19",
          "dependencies": [
            "module.temzy_vpc.module.vpc.aws_vpc.this",
            "module.temzy_vpc.module.vpc.aws_vpc_ipv4_cidr_block_association.this"
          ]
        }
      ]
    },
    {
      "module": "module.temzy_vpc.module.vpc",
      "mode": "managed",
      "type": "aws_route_table_association",
      "name": "private",
      "provider": "provider[\"registry.terraform.io/hashicorp/aws\"]",
      "instances": [
        {
          "index_key": 0,
          "schema_version": 0,
          "attributes": {
            "gateway_id": "",
            "id": "rtbassoc-0b0ba96dd79eed474",
            "route_table_id": "rtb-051b2bea68d1ffffc",
            "subnet_id": "subnet-0a2c61b271cd3b556",
            "timeouts": null
          },
          "sensitive_attributes": [],
          "private": "eyJlMmJmYjczMC1lY2FhLTExZTYtOGY4OC0zNDM2M2JjN2M0YzAiOnsiY3JlYXRlIjozMDAwMDAwMDAwMDAsImRlbGV0ZSI6MzAwMDAwMDAwMDAwLCJ1cGRhdGUiOjEyMDAwMDAwMDAwMH19",
          "dependencies": [
            "module.temzy_vpc.module.vpc.aws_route_table.private",
            "module.temzy_vpc.module.vpc.aws_subnet.private",
            "module.temzy_vpc.module.vpc.aws_vpc.this",
            "module.temzy_vpc.module.vpc.aws_vpc_ipv4_cidr_block_association.this"
          ]
        },
        {
          "index_key": 1,
          "schema_version": 0,
          "attributes": {
            "gateway_id": "",
            "id": "rtbassoc-0a601b723a0bcfa4f",
            "route_table_id": "rtb-0ba6be0eaa0e90979",
            "subnet_id": "subnet-03f73661c2a25e945",
            "timeouts": null
          },
          "sensitive_attributes": [],
          "private": "eyJlMmJmYjczMC1lY2FhLTExZTYtOGY4OC0zNDM2M2JjN2M0YzAiOnsiY3JlYXRlIjozMDAwMDAwMDAwMDAsImRlbGV0ZSI6MzAwMDAwMDAwMDAwLCJ1cGRhdGUiOjEyMDAwMDAwMDAwMH19",
          "dependencies": [
            "module.temzy_vpc.module.vpc.aws_route_table.private",
            "module.temzy_vpc.module.vpc.aws_subnet.private",
            "module.temzy_vpc.module.vpc.aws_vpc.this",
            "module.temzy_vpc.module.vpc.aws_vpc_ipv4_cidr_block_association.this"
          ]
        }
      ]
    },
    {
      "module": "module.temzy_vpc.module.vpc",
      "mode": "managed",
      "type": "aws_route_table_association",
      "name": "public",
      "provider": "provider[\"registry.terraform.io/hashicorp/aws\"]",
      "instances": [
        {
          "index_key": 0,
          "schema_version": 0,
          "attributes": {
            "gateway_id": "",
            "id": "rtbassoc-025d57bc2a84f01b0",
            "route_table_id": "rtb-017663bd251bb41cb",
            "subnet_id": "subnet-087133bb43dab2a0b",
            "timeouts": null
          },
          "sensitive_attributes": [],
          "private": "eyJlMmJmYjczMC1lY2FhLTExZTYtOGY4OC0zNDM2M2JjN2M0YzAiOnsiY3JlYXRlIjozMDAwMDAwMDAwMDAsImRlbGV0ZSI6MzAwMDAwMDAwMDAwLCJ1cGRhdGUiOjEyMDAwMDAwMDAwMH19",
          "dependencies": [
            "module.temzy_vpc.module.vpc.aws_route_table.public",
            "module.temzy_vpc.module.vpc.aws_subnet.public",
            "module.temzy_vpc.module.vpc.aws_vpc.this",
            "module.temzy_vpc.module.vpc.aws_vpc_ipv4_cidr_block_association.this"
          ]
        },
        {
          "index_key": 1,
          "schema_version": 0,
          "attributes": {
            "gateway_id": "",
            "id": "rtbassoc-081e647ad8a41ebd3",
            "route_table_id": "rtb-017663bd251bb41cb",
            "subnet_id": "subnet-0f4d6a2b111330ea3",
            "timeouts": null
          },
          "sensitive_attributes": [],
          "private": "eyJlMmJmYjczMC1lY2FhLTExZTYtOGY4OC0zNDM2M2JjN2M0YzAiOnsiY3JlYXRlIjozMDAwMDAwMDAwMDAsImRlbGV0ZSI6MzAwMDAwMDAwMDAwLCJ1cGRhdGUiOjEyMDAwMDAwMDAwMH19",
          "dependencies": [
            "module.temzy_vpc.module.vpc.aws_route_table.public",
            "module.temzy_vpc.module.vpc.aws_subnet.public",
            "module.temzy_vpc.module.vpc.aws_vpc.this",
            "module.temzy_vpc.module.vpc.aws_vpc_ipv4_cidr_block_association.this"
          ]
        }
      ]
    },
    {
      "module": "module.temzy_vpc.module.vpc",
      "mode": "managed",
      "type": "aws_subnet",
      "name": "private",
      "provider": "provider[\"registry.terraform.io/hashicorp/aws\"]",
      "instances": [
        {
          "index_key": 0,
          "schema_version": 1,
          "attributes": {
            "arn": "arn:aws:ec2:us-east-1:454617234462:subnet/subnet-0a2c61b271cd3b556",
            "assign_ipv6_address_on_creation": false,
            "availability_zone": "us-east-1a",
            "availability_zone_id": "use1-az6",
            "cidr_block": "172.16.0.0/19",
            "customer_owned_ipv4_pool": "",
            "enable_dns64": false,
            "enable_lni_at_device_index": 0,
            "enable_resource_name_dns_a_record_on_launch": false,
            "enable_resource_name_dns_aaaa_record_on_launch": false,
            "id": "subnet-0a2c61b271cd3b556",
            "ipv6_cidr_block": "",
            "ipv6_cidr_block_association_id": "",
            "ipv6_native": false,
            "map_customer_owned_ip_on_launch": false,
            "map_public_ip_on_launch": false,
            "outpost_arn": "",
            "owner_id": "454617234462",
            "private_dns_hostname_type_on_launch": "ip-name",
            "tags": {
              "Environment": "dev",
              "Name": "us-east-1-temzy-vpc-dev-private-us-east-1a",
              "Terraform": "true",
              "kubernetes.io/cluster/us-east-1-temzy-cluster-dev": "shared",
              "kubernetes.io/role/internal-elb": "1"
            },
            "tags_all": {
              "Environment": "dev",
              "Name": "us-east-1-temzy-vpc-dev-private-us-east-1a",
              "Terraform": "true",
              "kubernetes.io/cluster/us-east-1-temzy-cluster-dev": "shared",
              "kubernetes.io/role/internal-elb": "1"
            },
            "timeouts": null,
            "vpc_id": "vpc-036a62ac5b6714c9f"
          },
          "sensitive_attributes": [],
          "private": "eyJlMmJmYjczMC1lY2FhLTExZTYtOGY4OC0zNDM2M2JjN2M0YzAiOnsiY3JlYXRlIjo2MDAwMDAwMDAwMDAsImRlbGV0ZSI6MTIwMDAwMDAwMDAwMH0sInNjaGVtYV92ZXJzaW9uIjoiMSJ9",
          "dependencies": [
            "module.temzy_vpc.module.vpc.aws_vpc.this",
            "module.temzy_vpc.module.vpc.aws_vpc_ipv4_cidr_block_association.this"
          ]
        },
        {
          "index_key": 1,
          "schema_version": 1,
          "attributes": {
            "arn": "arn:aws:ec2:us-east-1:454617234462:subnet/subnet-03f73661c2a25e945",
            "assign_ipv6_address_on_creation": false,
            "availability_zone": "us-east-1b",
            "availability_zone_id": "use1-az1",
            "cidr_block": "172.16.32.0/19",
            "customer_owned_ipv4_pool": "",
            "enable_dns64": false,
            "enable_lni_at_device_index": 0,
            "enable_resource_name_dns_a_record_on_launch": false,
            "enable_resource_name_dns_aaaa_record_on_launch": false,
            "id": "subnet-03f73661c2a25e945",
            "ipv6_cidr_block": "",
            "ipv6_cidr_block_association_id": "",
            "ipv6_native": false,
            "map_customer_owned_ip_on_launch": false,
            "map_public_ip_on_launch": false,
            "outpost_arn": "",
            "owner_id": "454617234462",
            "private_dns_hostname_type_on_launch": "ip-name",
            "tags": {
              "Environment": "dev",
              "Name": "us-east-1-temzy-vpc-dev-private-us-east-1b",
              "Terraform": "true",
              "kubernetes.io/cluster/us-east-1-temzy-cluster-dev": "shared",
              "kubernetes.io/role/internal-elb": "1"
            },
            "tags_all": {
              "Environment": "dev",
              "Name": "us-east-1-temzy-vpc-dev-private-us-east-1b",
              "Terraform": "true",
              "kubernetes.io/cluster/us-east-1-temzy-cluster-dev": "shared",
              "kubernetes.io/role/internal-elb": "1"
            },
            "timeouts": null,
            "vpc_id": "vpc-036a62ac5b6714c9f"
          },
          "sensitive_attributes": [],
          "private": "eyJlMmJmYjczMC1lY2FhLTExZTYtOGY4OC0zNDM2M2JjN2M0YzAiOnsiY3JlYXRlIjo2MDAwMDAwMDAwMDAsImRlbGV0ZSI6MTIwMDAwMDAwMDAwMH0sInNjaGVtYV92ZXJzaW9uIjoiMSJ9",
          "dependencies": [
            "module.temzy_vpc.module.vpc.aws_vpc.this",
            "module.temzy_vpc.module.vpc.aws_vpc_ipv4_cidr_block_association.this"
          ]
        }
      ]
    },
    {
      "module": "module.temzy_vpc.module.vpc",
      "mode": "managed",
      "type": "aws_subnet",
      "name": "public",
      "provider": "provider[\"registry.terraform.io/hashicorp/aws\"]",
      "instances": [
        {
          "index_key": 0,
          "schema_version": 1,
          "attributes": {
            "arn": "arn:aws:ec2:us-east-1:454617234462:subnet/subnet-087133bb43dab2a0b",
            "assign_ipv6_address_on_creation": false,
            "availability_zone": "us-east-1a",
            "availability_zone_id": "use1-az6",
            "cidr_block": "172.16.96.0/19",
            "customer_owned_ipv4_pool": "",
            "enable_dns64": false,
            "enable_lni_at_device_index": 0,
            "enable_resource_name_dns_a_record_on_launch": false,
            "enable_resource_name_dns_aaaa_record_on_launch": false,
            "id": "subnet-087133bb43dab2a0b",
            "ipv6_cidr_block": "",
            "ipv6_cidr_block_association_id": "",
            "ipv6_native": false,
            "map_customer_owned_ip_on_launch": false,
            "map_public_ip_on_launch": true,
            "outpost_arn": "",
            "owner_id": "454617234462",
            "private_dns_hostname_type_on_launch": "ip-name",
            "tags": {
              "Environment": "dev",
              "Name": "us-east-1-temzy-vpc-dev-public-us-east-1a",
              "Terraform": "true",
              "kubernetes.io/cluster/us-east-1-temzy-cluster-dev": "shared",
              "kubernetes.io/role/elb": "1"
            },
            "tags_all": {
              "Environment": "dev",
              "Name": "us-east-1-temzy-vpc-dev-public-us-east-1a",
              "Terraform": "true",
              "kubernetes.io/cluster/us-east-1-temzy-cluster-dev": "shared",
              "kubernetes.io/role/elb": "1"
            },
            "timeouts": null,
            "vpc_id": "vpc-036a62ac5b6714c9f"
          },
          "sensitive_attributes": [],
          "private": "eyJlMmJmYjczMC1lY2FhLTExZTYtOGY4OC0zNDM2M2JjN2M0YzAiOnsiY3JlYXRlIjo2MDAwMDAwMDAwMDAsImRlbGV0ZSI6MTIwMDAwMDAwMDAwMH0sInNjaGVtYV92ZXJzaW9uIjoiMSJ9",
          "dependencies": [
            "module.temzy_vpc.module.vpc.aws_vpc.this",
            "module.temzy_vpc.module.vpc.aws_vpc_ipv4_cidr_block_association.this"
          ]
        },
        {
          "index_key": 1,
          "schema_version": 1,
          "attributes": {
            "arn": "arn:aws:ec2:us-east-1:454617234462:subnet/subnet-0f4d6a2b111330ea3",
            "assign_ipv6_address_on_creation": false,
            "availability_zone": "us-east-1b",
            "availability_zone_id": "use1-az1",
            "cidr_block": "172.16.128.0/19",
            "customer_owned_ipv4_pool": "",
            "enable_dns64": false,
            "enable_lni_at_device_index": 0,
            "enable_resource_name_dns_a_record_on_launch": false,
            "enable_resource_name_dns_aaaa_record_on_launch": false,
            "id": "subnet-0f4d6a2b111330ea3",
            "ipv6_cidr_block": "",
            "ipv6_cidr_block_association_id": "",
            "ipv6_native": false,
            "map_customer_owned_ip_on_launch": false,
            "map_public_ip_on_launch": true,
            "outpost_arn": "",
            "owner_id": "454617234462",
            "private_dns_hostname_type_on_launch": "ip-name",
            "tags": {
              "Environment": "dev",
              "Name": "us-east-1-temzy-vpc-dev-public-us-east-1b",
              "Terraform": "true",
              "kubernetes.io/cluster/us-east-1-temzy-cluster-dev": "shared",
              "kubernetes.io/role/elb": "1"
            },
            "tags_all": {
              "Environment": "dev",
              "Name": "us-east-1-temzy-vpc-dev-public-us-east-1b",
              "Terraform": "true",
              "kubernetes.io/cluster/us-east-1-temzy-cluster-dev": "shared",
              "kubernetes.io/role/elb": "1"
            },
            "timeouts": null,
            "vpc_id": "vpc-036a62ac5b6714c9f"
          },
          "sensitive_attributes": [],
          "private": "eyJlMmJmYjczMC1lY2FhLTExZTYtOGY4OC0zNDM2M2JjN2M0YzAiOnsiY3JlYXRlIjo2MDAwMDAwMDAwMDAsImRlbGV0ZSI6MTIwMDAwMDAwMDAwMH0sInNjaGVtYV92ZXJzaW9uIjoiMSJ9",
          "dependencies": [
            "module.temzy_vpc.module.vpc.aws_vpc.this",
            "module.temzy_vpc.module.vpc.aws_vpc_ipv4_cidr_block_association.this"
          ]
        }
      ]
    },
    {
      "module": "module.temzy_vpc.module.vpc",
      "mode": "managed",
      "type": "aws_vpc",
      "name": "this",
      "provider": "provider[\"registry.terraform.io/hashicorp/aws\"]",
      "instances": [
        {
          "index_key": 0,
          "schema_version": 1,
          "attributes": {
            "arn": "arn:aws:ec2:us-east-1:454617234462:vpc/vpc-036a62ac5b6714c9f",
            "assign_generated_ipv6_cidr_block": false,
            "cidr_block": "172.16.0.0/16",
            "default_network_acl_id": "acl-0d8d9fc35d637a29b",
            "default_route_table_id": "rtb-08225880c8eea51e1",
            "default_security_group_id": "sg-0a408309946c49ffe",
            "dhcp_options_id": "dopt-0d49fb50c587463d3",
            "enable_classiclink": false,
            "enable_classiclink_dns_support": false,
            "enable_dns_hostnames": false,
            "enable_dns_support": true,
            "enable_network_address_usage_metrics": false,
            "id": "vpc-036a62ac5b6714c9f",
            "instance_tenancy": "default",
            "ipv4_ipam_pool_id": null,
            "ipv4_netmask_length": null,
            "ipv6_association_id": "",
            "ipv6_cidr_block": "",
            "ipv6_cidr_block_network_border_group": "",
            "ipv6_ipam_pool_id": "",
            "ipv6_netmask_length": 0,
            "main_route_table_id": "rtb-08225880c8eea51e1",
            "owner_id": "454617234462",
            "tags": {
              "Environment": "dev",
              "Name": "us-east-1-temzy-vpc-dev",
              "Terraform": "true",
              "kubernetes.io/cluster/us-east-1-temzy-cluster-dev": "shared"
            },
            "tags_all": {
              "Environment": "dev",
              "Name": "us-east-1-temzy-vpc-dev",
              "Terraform": "true",
              "kubernetes.io/cluster/us-east-1-temzy-cluster-dev": "shared"
            }
          },
          "sensitive_attributes": [],
          "private": "eyJzY2hlbWFfdmVyc2lvbiI6IjEifQ=="
        }
      ]
    }
  ]
}
